{
  "pins" : [
    {
      "identity" : "swift-syntax",
      "kind" : "remoteSourceControl",
      "location" : "https://github.com/apple/swift-syntax.git",
      "state" : {
        "revision" : "165fc6d22394c1168ff76ab5d951245971ef07e5",
        "version" : "509.0.0-swift-DEVELOPMENT-SNAPSHOT-2023-06-05-a"
      }
    },
    {
      "identity" : "utilmacros",
      "kind" : "remoteSourceControl",
      "location" : "https://github.com/jiachenyee/UtilMacros",
      "state" : {
        "branch" : "main",
        "revision" : "635ac1f32867f6039d7aacf1d91d23d8ca10a999"
      }
    }
  ],
  "version" : 2
}
