// !$*UTF8*$!
{
	archiveVersion = 1;
	classes = {
	};
	objectVersion = 56;
	objects = {

/* Begin PBXBuildFile section */
		32303C9D2A303F7A0032BB50 /* ChallengeCategory.swift in Sources */ = {isa = PBXBuildFile; fileRef = 32303C9C2A303F7A0032BB50 /* ChallengeCategory.swift */; };
		32303C9F2A30414C0032BB50 /* Challenge.swift in Sources */ = {isa = PBXBuildFile; fileRef = 32303C9E2A30414C0032BB50 /* Challenge.swift */; };
		32303CBC2A3069B40032BB50 /* Challenge+Challenges.swift in Sources */ = {isa = PBXBuildFile; fileRef = 32303CBB2A3069B40032BB50 /* Challenge+Challenges.swift */; };
		32303CBE2A306A1E0032BB50 /* ChallengeRequirement.swift in Sources */ = {isa = PBXBuildFile; fileRef = 32303CBD2A306A1E0032BB50 /* ChallengeRequirement.swift */; };
		32303CC02A306C400032BB50 /* PreChallengeWarningView.swift in Sources */ = {isa = PBXBuildFile; fileRef = 32303CBF2A306C400032BB50 /* PreChallengeWarningView.swift */; };
		32303CC22A307F940032BB50 /* CafeView.swift in Sources */ = {isa = PBXBuildFile; fileRef = 32303CC12A307F940032BB50 /* CafeView.swift */; };
		32303CC42A30A68C0032BB50 /* ControlsHexagonView.swift in Sources */ = {isa = PBXBuildFile; fileRef = 32303CC32A30A68C0032BB50 /* ControlsHexagonView.swift */; };
		32303CC62A30A7140032BB50 /* HexagonView.swift in Sources */ = {isa = PBXBuildFile; fileRef = 32303CC52A30A7140032BB50 /* HexagonView.swift */; };
		32303CC82A30A7740032BB50 /* ViewModel.swift in Sources */ = {isa = PBXBuildFile; fileRef = 32303CC72A30A7740032BB50 /* ViewModel.swift */; };
		32303CCA2A30A7C80032BB50 /* ZoomableScrollView.swift in Sources */ = {isa = PBXBuildFile; fileRef = 32303CC92A30A7C80032BB50 /* ZoomableScrollView.swift */; };
		32303CCC2A30A8200032BB50 /* HomeView.swift in Sources */ = {isa = PBXBuildFile; fileRef = 32303CCB2A30A8200032BB50 /* HomeView.swift */; };
		32303CCE2A30A8910032BB50 /* GameState.swift in Sources */ = {isa = PBXBuildFile; fileRef = 32303CCD2A30A8910032BB50 /* GameState.swift */; };
		32303CD42A30A9860032BB50 /* PreChallengeWarning.swift in Sources */ = {isa = PBXBuildFile; fileRef = 32303CD32A30A9860032BB50 /* PreChallengeWarning.swift */; };
		32303CD82A30B35B0032BB50 /* HomeViewActionButton.swift in Sources */ = {isa = PBXBuildFile; fileRef = 32303CD72A30B35B0032BB50 /* HomeViewActionButton.swift */; };
		32303CDA2A30B9C60032BB50 /* ZoomState.swift in Sources */ = {isa = PBXBuildFile; fileRef = 32303CD92A30B9C60032BB50 /* ZoomState.swift */; };
		32303CDC2A30D6D30032BB50 /* ChallengeButtonView.swift in Sources */ = {isa = PBXBuildFile; fileRef = 32303CDB2A30D6D30032BB50 /* ChallengeButtonView.swift */; };
		32303CDE2A30DB980032BB50 /* HomePopupView.swift in Sources */ = {isa = PBXBuildFile; fileRef = 32303CDD2A30DB980032BB50 /* HomePopupView.swift */; };
		32303CE02A30DD670032BB50 /* CafeProductView.swift in Sources */ = {isa = PBXBuildFile; fileRef = 32303CDF2A30DD670032BB50 /* CafeProductView.swift */; };
		32303CE52A30DECA0032BB50 /* SettingsView.swift in Sources */ = {isa = PBXBuildFile; fileRef = 32303CE42A30DECA0032BB50 /* SettingsView.swift */; };
		32C1C9392A2B8E8C00C1854F /* ExploreAbilityReleaseApp.swift in Sources */ = {isa = PBXBuildFile; fileRef = 32C1C9382A2B8E8C00C1854F /* ExploreAbilityReleaseApp.swift */; };
		32C1C93B2A2B8E8C00C1854F /* ContentView.swift in Sources */ = {isa = PBXBuildFile; fileRef = 32C1C93A2A2B8E8C00C1854F /* ContentView.swift */; };
		32C1C93D2A2B8E8D00C1854F /* Assets.xcassets in Resources */ = {isa = PBXBuildFile; fileRef = 32C1C93C2A2B8E8D00C1854F /* Assets.xcassets */; };
		32C1C9402A2B8E8D00C1854F /* Preview Assets.xcassets in Resources */ = {isa = PBXBuildFile; fileRef = 32C1C93F2A2B8E8D00C1854F /* Preview Assets.xcassets */; };
/* End PBXBuildFile section */

/* Begin PBXFileReference section */
		32303C9C2A303F7A0032BB50 /* ChallengeCategory.swift */ = {isa = PBXFileReference; lastKnownFileType = sourcecode.swift; path = ChallengeCategory.swift; sourceTree = "<group>"; };
		32303C9E2A30414C0032BB50 /* Challenge.swift */ = {isa = PBXFileReference; lastKnownFileType = sourcecode.swift; path = Challenge.swift; sourceTree = "<group>"; };
		32303CBB2A3069B40032BB50 /* Challenge+Challenges.swift */ = {isa = PBXFileReference; lastKnownFileType = sourcecode.swift; path = "Challenge+Challenges.swift"; sourceTree = "<group>"; };
		32303CBD2A306A1E0032BB50 /* ChallengeRequirement.swift */ = {isa = PBXFileReference; lastKnownFileType = sourcecode.swift; path = ChallengeRequirement.swift; sourceTree = "<group>"; };
		32303CBF2A306C400032BB50 /* PreChallengeWarningView.swift */ = {isa = PBXFileReference; lastKnownFileType = sourcecode.swift; path = PreChallengeWarningView.swift; sourceTree = "<group>"; };
		32303CC12A307F940032BB50 /* CafeView.swift */ = {isa = PBXFileReference; lastKnownFileType = sourcecode.swift; path = CafeView.swift; sourceTree = "<group>"; };
		32303CC32A30A68C0032BB50 /* ControlsHexagonView.swift */ = {isa = PBXFileReference; lastKnownFileType = sourcecode.swift; path = ControlsHexagonView.swift; sourceTree = "<group>"; };
		32303CC52A30A7140032BB50 /* HexagonView.swift */ = {isa = PBXFileReference; lastKnownFileType = sourcecode.swift; path = HexagonView.swift; sourceTree = "<group>"; };
		32303CC72A30A7740032BB50 /* ViewModel.swift */ = {isa = PBXFileReference; lastKnownFileType = sourcecode.swift; path = ViewModel.swift; sourceTree = "<group>"; };
		32303CC92A30A7C80032BB50 /* ZoomableScrollView.swift */ = {isa = PBXFileReference; lastKnownFileType = sourcecode.swift; path = ZoomableScrollView.swift; sourceTree = "<group>"; };
		32303CCB2A30A8200032BB50 /* HomeView.swift */ = {isa = PBXFileReference; lastKnownFileType = sourcecode.swift; path = HomeView.swift; sourceTree = "<group>"; };
		32303CCD2A30A8910032BB50 /* GameState.swift */ = {isa = PBXFileReference; lastKnownFileType = sourcecode.swift; path = GameState.swift; sourceTree = "<group>"; };
		32303CD32A30A9860032BB50 /* PreChallengeWarning.swift */ = {isa = PBXFileReference; lastKnownFileType = sourcecode.swift; path = PreChallengeWarning.swift; sourceTree = "<group>"; };
		32303CD72A30B35B0032BB50 /* HomeViewActionButton.swift */ = {isa = PBXFileReference; lastKnownFileType = sourcecode.swift; path = HomeViewActionButton.swift; sourceTree = "<group>"; };
		32303CD92A30B9C60032BB50 /* ZoomState.swift */ = {isa = PBXFileReference; lastKnownFileType = sourcecode.swift; path = ZoomState.swift; sourceTree = "<group>"; };
		32303CDB2A30D6D30032BB50 /* ChallengeButtonView.swift */ = {isa = PBXFileReference; lastKnownFileType = sourcecode.swift; path = ChallengeButtonView.swift; sourceTree = "<group>"; };
		32303CDD2A30DB980032BB50 /* HomePopupView.swift */ = {isa = PBXFileReference; lastKnownFileType = sourcecode.swift; path = HomePopupView.swift; sourceTree = "<group>"; };
		32303CDF2A30DD670032BB50 /* CafeProductView.swift */ = {isa = PBXFileReference; lastKnownFileType = sourcecode.swift; path = CafeProductView.swift; sourceTree = "<group>"; };
		32303CE42A30DECA0032BB50 /* SettingsView.swift */ = {isa = PBXFileReference; lastKnownFileType = sourcecode.swift; path = SettingsView.swift; sourceTree = "<group>"; };
		32C1C9352A2B8E8C00C1854F /* ExploreAbilityRelease.app */ = {isa = PBXFileReference; explicitFileType = wrapper.application; includeInIndex = 0; path = ExploreAbilityRelease.app; sourceTree = BUILT_PRODUCTS_DIR; };
		32C1C9382A2B8E8C00C1854F /* ExploreAbilityReleaseApp.swift */ = {isa = PBXFileReference; lastKnownFileType = sourcecode.swift; path = ExploreAbilityReleaseApp.swift; sourceTree = "<group>"; };
		32C1C93A2A2B8E8C00C1854F /* ContentView.swift */ = {isa = PBXFileReference; lastKnownFileType = sourcecode.swift; path = ContentView.swift; sourceTree = "<group>"; };
		32C1C93C2A2B8E8D00C1854F /* Assets.xcassets */ = {isa = PBXFileReference; lastKnownFileType = folder.assetcatalog; path = Assets.xcassets; sourceTree = "<group>"; };
		32C1C93F2A2B8E8D00C1854F /* Preview Assets.xcassets */ = {isa = PBXFileReference; lastKnownFileType = folder.assetcatalog; path = "Preview Assets.xcassets"; sourceTree = "<group>"; };
/* End PBXFileReference section */

/* Begin PBXFrameworksBuildPhase section */
		32C1C9322A2B8E8C00C1854F /* Frameworks */ = {
			isa = PBXFrameworksBuildPhase;
			buildActionMask = 2147483647;
			files = (
			);
			runOnlyForDeploymentPostprocessing = 0;
		};
/* End PBXFrameworksBuildPhase section */

/* Begin PBXGroup section */
		32303CCF2A30A8E70032BB50 /* Models */ = {
			isa = PBXGroup;
			children = (
				32303CCD2A30A8910032BB50 /* GameState.swift */,
				32303CD92A30B9C60032BB50 /* ZoomState.swift */,
				32303CD22A30A9560032BB50 /* Challenges */,
			);
			path = Models;
			sourceTree = "<group>";
		};
		32303CD02A30A9110032BB50 /* Views */ = {
			isa = PBXGroup;
			children = (
				32C1C93A2A2B8E8C00C1854F /* ContentView.swift */,
				32303CBF2A306C400032BB50 /* PreChallengeWarningView.swift */,
				32303CD52A30A9D30032BB50 /* Home */,
			);
			path = Views;
			sourceTree = "<group>";
		};
		32303CD12A30A9270032BB50 /* View Model */ = {
			isa = PBXGroup;
			children = (
				32303CC72A30A7740032BB50 /* ViewModel.swift */,
			);
			path = "View Model";
			sourceTree = "<group>";
		};
		32303CD22A30A9560032BB50 /* Challenges */ = {
			isa = PBXGroup;
			children = (
				32303C9E2A30414C0032BB50 /* Challenge.swift */,
				32303CBB2A3069B40032BB50 /* Challenge+Challenges.swift */,
				32303CD32A30A9860032BB50 /* PreChallengeWarning.swift */,
				32303C9C2A303F7A0032BB50 /* ChallengeCategory.swift */,
				32303CBD2A306A1E0032BB50 /* ChallengeRequirement.swift */,
			);
			path = Challenges;
			sourceTree = "<group>";
		};
		32303CD52A30A9D30032BB50 /* Home */ = {
			isa = PBXGroup;
			children = (
				32303CCB2A30A8200032BB50 /* HomeView.swift */,
				32303CC92A30A7C80032BB50 /* ZoomableScrollView.swift */,
				32303CD62A30AA140032BB50 /* Hexagon */,
				32303CE22A30DD8A0032BB50 /* Popup Views */,
			);
			path = Home;
			sourceTree = "<group>";
		};
		32303CD62A30AA140032BB50 /* Hexagon */ = {
			isa = PBXGroup;
			children = (
				32303CDB2A30D6D30032BB50 /* ChallengeButtonView.swift */,
				32303CC52A30A7140032BB50 /* HexagonView.swift */,
				32303CC32A30A68C0032BB50 /* ControlsHexagonView.swift */,
				32303CD72A30B35B0032BB50 /* HomeViewActionButton.swift */,
			);
			path = Hexagon;
			sourceTree = "<group>";
		};
		32303CE12A30DD7F0032BB50 /* Cafe */ = {
			isa = PBXGroup;
			children = (
				32303CC12A307F940032BB50 /* CafeView.swift */,
				32303CDF2A30DD670032BB50 /* CafeProductView.swift */,
			);
			path = Cafe;
			sourceTree = "<group>";
		};
		32303CE22A30DD8A0032BB50 /* Popup Views */ = {
			isa = PBXGroup;
			children = (
				32303CDD2A30DB980032BB50 /* HomePopupView.swift */,
				32303CE42A30DECA0032BB50 /* SettingsView.swift */,
				32303CE12A30DD7F0032BB50 /* Cafe */,
			);
			path = "Popup Views";
			sourceTree = "<group>";
		};
		32C1C92C2A2B8E8C00C1854F = {
			isa = PBXGroup;
			children = (
				32C1C9372A2B8E8C00C1854F /* ExploreAbilityRelease */,
				32C1C9362A2B8E8C00C1854F /* Products */,
			);
			sourceTree = "<group>";
		};
		32C1C9362A2B8E8C00C1854F /* Products */ = {
			isa = PBXGroup;
			children = (
				32C1C9352A2B8E8C00C1854F /* ExploreAbilityRelease.app */,
			);
			name = Products;
			sourceTree = "<group>";
		};
		32C1C9372A2B8E8C00C1854F /* ExploreAbilityRelease */ = {
			isa = PBXGroup;
			children = (
				32C1C9382A2B8E8C00C1854F /* ExploreAbilityReleaseApp.swift */,
				32303CD02A30A9110032BB50 /* Views */,
				32303CCF2A30A8E70032BB50 /* Models */,
				32303CD12A30A9270032BB50 /* View Model */,
				32C1C93C2A2B8E8D00C1854F /* Assets.xcassets */,
				32C1C93E2A2B8E8D00C1854F /* Preview Content */,
			);
			path = ExploreAbilityRelease;
			sourceTree = "<group>";
		};
		32C1C93E2A2B8E8D00C1854F /* Preview Content */ = {
			isa = PBXGroup;
			children = (
				32C1C93F2A2B8E8D00C1854F /* Preview Assets.xcassets */,
			);
			path = "Preview Content";
			sourceTree = "<group>";
		};
/* End PBXGroup section */

/* Begin PBXNativeTarget section */
		32C1C9342A2B8E8C00C1854F /* ExploreAbilityRelease */ = {
			isa = PBXNativeTarget;
			buildConfigurationList = 32C1C9432A2B8E8D00C1854F /* Build configuration list for PBXNativeTarget "ExploreAbilityRelease" */;
			buildPhases = (
				32C1C9312A2B8E8C00C1854F /* Sources */,
				32C1C9322A2B8E8C00C1854F /* Frameworks */,
				32C1C9332A2B8E8C00C1854F /* Resources */,
			);
			buildRules = (
			);
			dependencies = (
			);
			name = ExploreAbilityRelease;
			productName = ExploreAbilityRelease;
			productReference = 32C1C9352A2B8E8C00C1854F /* ExploreAbilityRelease.app */;
			productType = "com.apple.product-type.application";
		};
/* End PBXNativeTarget section */

/* Begin PBXProject section */
		32C1C92D2A2B8E8C00C1854F /* Project object */ = {
			isa = PBXProject;
			attributes = {
				BuildIndependentTargetsInParallel = 1;
				LastSwiftUpdateCheck = 1430;
				LastUpgradeCheck = 1430;
				TargetAttributes = {
					32C1C9342A2B8E8C00C1854F = {
						CreatedOnToolsVersion = 14.3;
					};
				};
			};
			buildConfigurationList = 32C1C9302A2B8E8C00C1854F /* Build configuration list for PBXProject "ExploreAbilityRelease" */;
			compatibilityVersion = "Xcode 14.0";
			developmentRegion = en;
			hasScannedForEncodings = 0;
			knownRegions = (
				en,
				Base,
			);
			mainGroup = 32C1C92C2A2B8E8C00C1854F;
			productRefGroup = 32C1C9362A2B8E8C00C1854F /* Products */;
			projectDirPath = "";
			projectRoot = "";
			targets = (
				32C1C9342A2B8E8C00C1854F /* ExploreAbilityRelease */,
			);
		};
/* End PBXProject section */

/* Begin PBXResourcesBuildPhase section */
		32C1C9332A2B8E8C00C1854F /* Resources */ = {
			isa = PBXResourcesBuildPhase;
			buildActionMask = 2147483647;
			files = (
				32C1C9402A2B8E8D00C1854F /* Preview Assets.xcassets in Resources */,
				32C1C93D2A2B8E8D00C1854F /* Assets.xcassets in Resources */,
			);
			runOnlyForDeploymentPostprocessing = 0;
		};
/* End PBXResourcesBuildPhase section */

/* Begin PBXSourcesBuildPhase section */
		32C1C9312A2B8E8C00C1854F /* Sources */ = {
			isa = PBXSourcesBuildPhase;
			buildActionMask = 2147483647;
			files = (
				32303CE52A30DECA0032BB50 /* SettingsView.swift in Sources */,
				32303CD42A30A9860032BB50 /* PreChallengeWarning.swift in Sources */,
				32303CBC2A3069B40032BB50 /* Challenge+Challenges.swift in Sources */,
				32303CC62A30A7140032BB50 /* HexagonView.swift in Sources */,
				32303CDE2A30DB980032BB50 /* HomePopupView.swift in Sources */,
				32303CD82A30B35B0032BB50 /* HomeViewActionButton.swift in Sources */,
				32303CCC2A30A8200032BB50 /* HomeView.swift in Sources */,
				32303CC42A30A68C0032BB50 /* ControlsHexagonView.swift in Sources */,
				32303CC82A30A7740032BB50 /* ViewModel.swift in Sources */,
				32303C9D2A303F7A0032BB50 /* ChallengeCategory.swift in Sources */,
				32303CDC2A30D6D30032BB50 /* ChallengeButtonView.swift in Sources */,
				32303CC02A306C400032BB50 /* PreChallengeWarningView.swift in Sources */,
				32303CCE2A30A8910032BB50 /* GameState.swift in Sources */,
				32303CC22A307F940032BB50 /* CafeView.swift in Sources */,
				32303C9F2A30414C0032BB50 /* Challenge.swift in Sources */,
				32303CBE2A306A1E0032BB50 /* ChallengeRequirement.swift in Sources */,
				32303CE02A30DD670032BB50 /* CafeProductView.swift in Sources */,
				32C1C93B2A2B8E8C00C1854F /* ContentView.swift in Sources */,
				32303CDA2A30B9C60032BB50 /* ZoomState.swift in Sources */,
				32303CCA2A30A7C80032BB50 /* ZoomableScrollView.swift in Sources */,
				32C1C9392A2B8E8C00C1854F /* ExploreAbilityReleaseApp.swift in Sources */,
			);
			runOnlyForDeploymentPostprocessing = 0;
		};
/* End PBXSourcesBuildPhase section */

/* Begin XCBuildConfiguration section */
		32C1C9412A2B8E8D00C1854F /* Debug */ = {
			isa = XCBuildConfiguration;
			buildSettings = {
				ALWAYS_SEARCH_USER_PATHS = NO;
				CLANG_ANALYZER_NONNULL = YES;
				CLANG_ANALYZER_NUMBER_OBJECT_CONVERSION = YES_AGGRESSIVE;
				CLANG_CXX_LANGUAGE_STANDARD = "gnu++20";
				CLANG_ENABLE_MODULES = YES;
				CLANG_ENABLE_OBJC_ARC = YES;
				CLANG_ENABLE_OBJC_WEAK = YES;
				CLANG_WARN_BLOCK_CAPTURE_AUTORELEASING = YES;
				CLANG_WARN_BOOL_CONVERSION = YES;
				CLANG_WARN_COMMA = YES;
				CLANG_WARN_CONSTANT_CONVERSION = YES;
				CLANG_WARN_DEPRECATED_OBJC_IMPLEMENTATIONS = YES;
				CLANG_WARN_DIRECT_OBJC_ISA_USAGE = YES_ERROR;
				CLANG_WARN_DOCUMENTATION_COMMENTS = YES;
				CLANG_WARN_EMPTY_BODY = YES;
				CLANG_WARN_ENUM_CONVERSION = YES;
				CLANG_WARN_INFINITE_RECURSION = YES;
				CLANG_WARN_INT_CONVERSION = YES;
				CLANG_WARN_NON_LITERAL_NULL_CONVERSION = YES;
				CLANG_WARN_OBJC_IMPLICIT_RETAIN_SELF = YES;
				CLANG_WARN_OBJC_LITERAL_CONVERSION = YES;
				CLANG_WARN_OBJC_ROOT_CLASS = YES_ERROR;
				CLANG_WARN_QUOTED_INCLUDE_IN_FRAMEWORK_HEADER = YES;
				CLANG_WARN_RANGE_LOOP_ANALYSIS = YES;
				CLANG_WARN_STRICT_PROTOTYPES = YES;
				CLANG_WARN_SUSPICIOUS_MOVE = YES;
				CLANG_WARN_UNGUARDED_AVAILABILITY = YES_AGGRESSIVE;
				CLANG_WARN_UNREACHABLE_CODE = YES;
				CLANG_WARN__DUPLICATE_METHOD_MATCH = YES;
				COPY_PHASE_STRIP = NO;
				DEBUG_INFORMATION_FORMAT = dwarf;
				ENABLE_STRICT_OBJC_MSGSEND = YES;
				ENABLE_TESTABILITY = YES;
				GCC_C_LANGUAGE_STANDARD = gnu11;
				GCC_DYNAMIC_NO_PIC = NO;
				GCC_NO_COMMON_BLOCKS = YES;
				GCC_OPTIMIZATION_LEVEL = 0;
				GCC_PREPROCESSOR_DEFINITIONS = (
					"DEBUG=1",
					"$(inherited)",
				);
				GCC_WARN_64_TO_32_BIT_CONVERSION = YES;
				GCC_WARN_ABOUT_RETURN_TYPE = YES_ERROR;
				GCC_WARN_UNDECLARED_SELECTOR = YES;
				GCC_WARN_UNINITIALIZED_AUTOS = YES_AGGRESSIVE;
				GCC_WARN_UNUSED_FUNCTION = YES;
				GCC_WARN_UNUSED_VARIABLE = YES;
				IPHONEOS_DEPLOYMENT_TARGET = 16.4;
				MTL_ENABLE_DEBUG_INFO = INCLUDE_SOURCE;
				MTL_FAST_MATH = YES;
				ONLY_ACTIVE_ARCH = YES;
				SDKROOT = iphoneos;
				SWIFT_ACTIVE_COMPILATION_CONDITIONS = DEBUG;
				SWIFT_OPTIMIZATION_LEVEL = "-Onone";
			};
			name = Debug;
		};
		32C1C9422A2B8E8D00C1854F /* Release */ = {
			isa = XCBuildConfiguration;
			buildSettings = {
				ALWAYS_SEARCH_USER_PATHS = NO;
				CLANG_ANALYZER_NONNULL = YES;
				CLANG_ANALYZER_NUMBER_OBJECT_CONVERSION = YES_AGGRESSIVE;
				CLANG_CXX_LANGUAGE_STANDARD = "gnu++20";
				CLANG_ENABLE_MODULES = YES;
				CLANG_ENABLE_OBJC_ARC = YES;
				CLANG_ENABLE_OBJC_WEAK = YES;
				CLANG_WARN_BLOCK_CAPTURE_AUTORELEASING = YES;
				CLANG_WARN_BOOL_CONVERSION = YES;
				CLANG_WARN_COMMA = YES;
				CLANG_WARN_CONSTANT_CONVERSION = YES;
				CLANG_WARN_DEPRECATED_OBJC_IMPLEMENTATIONS = YES;
				CLANG_WARN_DIRECT_OBJC_ISA_USAGE = YES_ERROR;
				CLANG_WARN_DOCUMENTATION_COMMENTS = YES;
				CLANG_WARN_EMPTY_BODY = YES;
				CLANG_WARN_ENUM_CONVERSION = YES;
				CLANG_WARN_INFINITE_RECURSION = YES;
				CLANG_WARN_INT_CONVERSION = YES;
				CLANG_WARN_NON_LITERAL_NULL_CONVERSION = YES;
				CLANG_WARN_OBJC_IMPLICIT_RETAIN_SELF = YES;
				CLANG_WARN_OBJC_LITERAL_CONVERSION = YES;
				CLANG_WARN_OBJC_ROOT_CLASS = YES_ERROR;
				CLANG_WARN_QUOTED_INCLUDE_IN_FRAMEWORK_HEADER = YES;
				CLANG_WARN_RANGE_LOOP_ANALYSIS = YES;
				CLANG_WARN_STRICT_PROTOTYPES = YES;
				CLANG_WARN_SUSPICIOUS_MOVE = YES;
				CLANG_WARN_UNGUARDED_AVAILABILITY = YES_AGGRESSIVE;
				CLANG_WARN_UNREACHABLE_CODE = YES;
				CLANG_WARN__DUPLICATE_METHOD_MATCH = YES;
				COPY_PHASE_STRIP = NO;
				DEBUG_INFORMATION_FORMAT = "dwarf-with-dsym";
				ENABLE_NS_ASSERTIONS = NO;
				ENABLE_STRICT_OBJC_MSGSEND = YES;
				GCC_C_LANGUAGE_STANDARD = gnu11;
				GCC_NO_COMMON_BLOCKS = YES;
				GCC_WARN_64_TO_32_BIT_CONVERSION = YES;
				GCC_WARN_ABOUT_RETURN_TYPE = YES_ERROR;
				GCC_WARN_UNDECLARED_SELECTOR = YES;
				GCC_WARN_UNINITIALIZED_AUTOS = YES_AGGRESSIVE;
				GCC_WARN_UNUSED_FUNCTION = YES;
				GCC_WARN_UNUSED_VARIABLE = YES;
				IPHONEOS_DEPLOYMENT_TARGET = 16.4;
				MTL_ENABLE_DEBUG_INFO = NO;
				MTL_FAST_MATH = YES;
				SDKROOT = iphoneos;
				SWIFT_COMPILATION_MODE = wholemodule;
				SWIFT_OPTIMIZATION_LEVEL = "-O";
				VALIDATE_PRODUCT = YES;
			};
			name = Release;
		};
		32C1C9442A2B8E8D00C1854F /* Debug */ = {
			isa = XCBuildConfiguration;
			buildSettings = {
				ASSETCATALOG_COMPILER_APPICON_NAME = AppIcon;
				ASSETCATALOG_COMPILER_GLOBAL_ACCENT_COLOR_NAME = AccentColor;
				CODE_SIGN_STYLE = Automatic;
				CURRENT_PROJECT_VERSION = 1;
				DEVELOPMENT_ASSET_PATHS = "\"ExploreAbilityRelease/Preview Content\"";
				DEVELOPMENT_TEAM = 9W63WN9LG4;
				ENABLE_PREVIEWS = YES;
				GENERATE_INFOPLIST_FILE = YES;
				INFOPLIST_KEY_UIApplicationSceneManifest_Generation = YES;
				INFOPLIST_KEY_UIApplicationSupportsIndirectInputEvents = YES;
				INFOPLIST_KEY_UILaunchScreen_Generation = YES;
				INFOPLIST_KEY_UISupportedInterfaceOrientations_iPad = "UIInterfaceOrientationPortrait UIInterfaceOrientationPortraitUpsideDown UIInterfaceOrientationLandscapeLeft UIInterfaceOrientationLandscapeRight";
				INFOPLIST_KEY_UISupportedInterfaceOrientations_iPhone = "UIInterfaceOrientationPortrait UIInterfaceOrientationLandscapeLeft UIInterfaceOrientationLandscapeRight";
				LD_RUNPATH_SEARCH_PATHS = (
					"$(inherited)",
					"@executable_path/Frameworks",
				);
				MARKETING_VERSION = 1.0;
				PRODUCT_BUNDLE_IDENTIFIER = app.jiachen.ExploreAbilityRelease;
				PRODUCT_NAME = "$(TARGET_NAME)";
				SWIFT_EMIT_LOC_STRINGS = YES;
				SWIFT_VERSION = 5.0;
				TARGETED_DEVICE_FAMILY = "1,2";
			};
			name = Debug;
		};
		32C1C9452A2B8E8D00C1854F /* Release */ = {
			isa = XCBuildConfiguration;
			buildSettings = {
				ASSETCATALOG_COMPILER_APPICON_NAME = AppIcon;
				ASSETCATALOG_COMPILER_GLOBAL_ACCENT_COLOR_NAME = AccentColor;
				CODE_SIGN_STYLE = Automatic;
				CURRENT_PROJECT_VERSION = 1;
				DEVELOPMENT_ASSET_PATHS = "\"ExploreAbilityRelease/Preview Content\"";
				DEVELOPMENT_TEAM = 9W63WN9LG4;
				ENABLE_PREVIEWS = YES;
				GENERATE_INFOPLIST_FILE = YES;
				INFOPLIST_KEY_UIApplicationSceneManifest_Generation = YES;
				INFOPLIST_KEY_UIApplicationSupportsIndirectInputEvents = YES;
				INFOPLIST_KEY_UILaunchScreen_Generation = YES;
				INFOPLIST_KEY_UISupportedInterfaceOrientations_iPad = "UIInterfaceOrientationPortrait UIInterfaceOrientationPortraitUpsideDown UIInterfaceOrientationLandscapeLeft UIInterfaceOrientationLandscapeRight";
				INFOPLIST_KEY_UISupportedInterfaceOrientations_iPhone = "UIInterfaceOrientationPortrait UIInterfaceOrientationLandscapeLeft UIInterfaceOrientationLandscapeRight";
				LD_RUNPATH_SEARCH_PATHS = (
					"$(inherited)",
					"@executable_path/Frameworks",
				);
				MARKETING_VERSION = 1.0;
				PRODUCT_BUNDLE_IDENTIFIER = app.jiachen.ExploreAbilityRelease;
				PRODUCT_NAME = "$(TARGET_NAME)";
				SWIFT_EMIT_LOC_STRINGS = YES;
				SWIFT_VERSION = 5.0;
				TARGETED_DEVICE_FAMILY = "1,2";
			};
			name = Release;
		};
/* End XCBuildConfiguration section */

/* Begin XCConfigurationList section */
		32C1C9302A2B8E8C00C1854F /* Build configuration list for PBXProject "ExploreAbilityRelease" */ = {
			isa = XCConfigurationList;
			buildConfigurations = (
				32C1C9412A2B8E8D00C1854F /* Debug */,
				32C1C9422A2B8E8D00C1854F /* Release */,
			);
			defaultConfigurationIsVisible = 0;
			defaultConfigurationName = Release;
		};
		32C1C9432A2B8E8D00C1854F /* Build configuration list for PBXNativeTarget "ExploreAbilityRelease" */ = {
			isa = XCConfigurationList;
			buildConfigurations = (
				32C1C9442A2B8E8D00C1854F /* Debug */,
				32C1C9452A2B8E8D00C1854F /* Release */,
			);
			defaultConfigurationIsVisible = 0;
			defaultConfigurationName = Release;
		};
/* End XCConfigurationList section */
	};
	rootObject = 32C1C92D2A2B8E8C00C1854F /* Project object */;
}
