// !$*UTF8*$!
{
	archiveVersion = 1;
	classes = {
	};
	objectVersion = 56;
	objects = {

/* Begin PBXBuildFile section */
		32194FBA2A827B1D00D993B6 /* ChallengeComponentGroup.swift in Sources */ = {isa = PBXBuildFile; fileRef = 32194FAE2A827B1D00D993B6 /* ChallengeComponentGroup.swift */; };
		32194FBB2A827B1D00D993B6 /* Metadata.swift in Sources */ = {isa = PBXBuildFile; fileRef = 32194FAF2A827B1D00D993B6 /* Metadata.swift */; };
		32194FBC2A827B1D00D993B6 /* ReferenceResource.swift in Sources */ = {isa = PBXBuildFile; fileRef = 32194FB02A827B1D00D993B6 /* ReferenceResource.swift */; };
		32194FBD2A827B1D00D993B6 /* ReferenceResources.swift in Sources */ = {isa = PBXBuildFile; fileRef = 32194FB12A827B1D00D993B6 /* ReferenceResources.swift */; };
		32194FBE2A827B1D00D993B6 /* DeveloperResources.swift in Sources */ = {isa = PBXBuildFile; fileRef = 32194FB22A827B1D00D993B6 /* DeveloperResources.swift */; };
		32194FBF2A827B1D00D993B6 /* Conclusion.swift in Sources */ = {isa = PBXBuildFile; fileRef = 32194FB32A827B1D00D993B6 /* Conclusion.swift */; };
		32194FC02A827B1D00D993B6 /* DeveloperResource.swift in Sources */ = {isa = PBXBuildFile; fileRef = 32194FB42A827B1D00D993B6 /* DeveloperResource.swift */; };
		32194FC12A827B1D00D993B6 /* ChallengeBuilder.swift in Sources */ = {isa = PBXBuildFile; fileRef = 32194FB52A827B1D00D993B6 /* ChallengeBuilder.swift */; };
		32194FC22A827B1D00D993B6 /* DisableInstructions.swift in Sources */ = {isa = PBXBuildFile; fileRef = 32194FB62A827B1D00D993B6 /* DisableInstructions.swift */; };
		32194FC32A827B1D00D993B6 /* GitHub.swift in Sources */ = {isa = PBXBuildFile; fileRef = 32194FB72A827B1D00D993B6 /* GitHub.swift */; };
		32194FC42A827B1D00D993B6 /* Hint.swift in Sources */ = {isa = PBXBuildFile; fileRef = 32194FB82A827B1D00D993B6 /* Hint.swift */; };
		32194FC52A827B1D00D993B6 /* ChallengeComponent.swift in Sources */ = {isa = PBXBuildFile; fileRef = 32194FB92A827B1D00D993B6 /* ChallengeComponent.swift */; };
		321F5DF22A80EE59006B2416 /* VoiceOverChallengeStepper.swift in Sources */ = {isa = PBXBuildFile; fileRef = 321F5DF12A80EE59006B2416 /* VoiceOverChallengeStepper.swift */; };
		322986582A82BDEC009B6275 /* ClosedCaptionsSDHChallengeView.swift in Sources */ = {isa = PBXBuildFile; fileRef = 322986572A82BDEC009B6275 /* ClosedCaptionsSDHChallengeView.swift */; };
		32303C9D2A303F7A0032BB50 /* ChallengeCategory.swift in Sources */ = {isa = PBXBuildFile; fileRef = 32303C9C2A303F7A0032BB50 /* ChallengeCategory.swift */; };
		32303C9F2A30414C0032BB50 /* Challenge.swift in Sources */ = {isa = PBXBuildFile; fileRef = 32303C9E2A30414C0032BB50 /* Challenge.swift */; };
		32303CBC2A3069B40032BB50 /* Challenge+Challenges.swift in Sources */ = {isa = PBXBuildFile; fileRef = 32303CBB2A3069B40032BB50 /* Challenge+Challenges.swift */; };
		32303CBE2A306A1E0032BB50 /* ChallengeRequirement.swift in Sources */ = {isa = PBXBuildFile; fileRef = 32303CBD2A306A1E0032BB50 /* ChallengeRequirement.swift */; };
		32303CC02A306C400032BB50 /* PreChallengeWarningView.swift in Sources */ = {isa = PBXBuildFile; fileRef = 32303CBF2A306C400032BB50 /* PreChallengeWarningView.swift */; };
		32303CC22A307F940032BB50 /* CafeView.swift in Sources */ = {isa = PBXBuildFile; fileRef = 32303CC12A307F940032BB50 /* CafeView.swift */; };
		32303CC42A30A68C0032BB50 /* ControlsHexagonView.swift in Sources */ = {isa = PBXBuildFile; fileRef = 32303CC32A30A68C0032BB50 /* ControlsHexagonView.swift */; };
		32303CC62A30A7140032BB50 /* HexagonView.swift in Sources */ = {isa = PBXBuildFile; fileRef = 32303CC52A30A7140032BB50 /* HexagonView.swift */; };
		32303CC82A30A7740032BB50 /* ViewModel.swift in Sources */ = {isa = PBXBuildFile; fileRef = 32303CC72A30A7740032BB50 /* ViewModel.swift */; };
		32303CCA2A30A7C80032BB50 /* ZoomableScrollView.swift in Sources */ = {isa = PBXBuildFile; fileRef = 32303CC92A30A7C80032BB50 /* ZoomableScrollView.swift */; };
		32303CCC2A30A8200032BB50 /* HomeView.swift in Sources */ = {isa = PBXBuildFile; fileRef = 32303CCB2A30A8200032BB50 /* HomeView.swift */; };
		32303CCE2A30A8910032BB50 /* GameState.swift in Sources */ = {isa = PBXBuildFile; fileRef = 32303CCD2A30A8910032BB50 /* GameState.swift */; };
		32303CD42A30A9860032BB50 /* Warning.swift in Sources */ = {isa = PBXBuildFile; fileRef = 32303CD32A30A9860032BB50 /* Warning.swift */; };
		32303CD82A30B35B0032BB50 /* HomeViewActionButton.swift in Sources */ = {isa = PBXBuildFile; fileRef = 32303CD72A30B35B0032BB50 /* HomeViewActionButton.swift */; };
		32303CDA2A30B9C60032BB50 /* ZoomState.swift in Sources */ = {isa = PBXBuildFile; fileRef = 32303CD92A30B9C60032BB50 /* ZoomState.swift */; };
		32303CDC2A30D6D30032BB50 /* ChallengeButtonView.swift in Sources */ = {isa = PBXBuildFile; fileRef = 32303CDB2A30D6D30032BB50 /* ChallengeButtonView.swift */; };
		32303CDE2A30DB980032BB50 /* HomePopupView.swift in Sources */ = {isa = PBXBuildFile; fileRef = 32303CDD2A30DB980032BB50 /* HomePopupView.swift */; };
		32303CE02A30DD670032BB50 /* CafeProductView.swift in Sources */ = {isa = PBXBuildFile; fileRef = 32303CDF2A30DD670032BB50 /* CafeProductView.swift */; };
		32303CE52A30DECA0032BB50 /* SettingsView.swift in Sources */ = {isa = PBXBuildFile; fileRef = 32303CE42A30DECA0032BB50 /* SettingsView.swift */; };
		32303CE72A30E2570032BB50 /* ChallengeView.swift in Sources */ = {isa = PBXBuildFile; fileRef = 32303CE62A30E2570032BB50 /* ChallengeView.swift */; };
		32303CE92A317F120032BB50 /* ChallengeState.swift in Sources */ = {isa = PBXBuildFile; fileRef = 32303CE82A317F120032BB50 /* ChallengeState.swift */; };
		32303CEB2A3181050032BB50 /* ChallengeViewModel.swift in Sources */ = {isa = PBXBuildFile; fileRef = 32303CEA2A3181050032BB50 /* ChallengeViewModel.swift */; };
		3238D0F42A80EB4A006D2889 /* VoiceOverChallengeDatePicker.swift in Sources */ = {isa = PBXBuildFile; fileRef = 3238D0F32A80EB4A006D2889 /* VoiceOverChallengeDatePicker.swift */; };
		323DF2C62A36C27700CF20A5 /* ChallengeMenuView.swift in Sources */ = {isa = PBXBuildFile; fileRef = 323DF2C52A36C27700CF20A5 /* ChallengeMenuView.swift */; };
		3240D8552A80E7CF00D48F42 /* VoiceOverChallengeControls.swift in Sources */ = {isa = PBXBuildFile; fileRef = 3240D8542A80E7CF00D48F42 /* VoiceOverChallengeControls.swift */; };
		3241316B2A3F772500FBA638 /* DynamicTypeHelper.swift in Sources */ = {isa = PBXBuildFile; fileRef = 3241316A2A3F772500FBA638 /* DynamicTypeHelper.swift */; };
		324D5FBF2A8200D300D3289D /* ReduceTransparencyChallengeView.swift in Sources */ = {isa = PBXBuildFile; fileRef = 324D5FBE2A8200D300D3289D /* ReduceTransparencyChallengeView.swift */; };
		3251DF122A6A17CD0017334A /* DifferentiateWithoutColorView.swift in Sources */ = {isa = PBXBuildFile; fileRef = 3251DF112A6A17CD0017334A /* DifferentiateWithoutColorView.swift */; };
		3251DF142A6A1F6F0017334A /* TaggedPath.swift in Sources */ = {isa = PBXBuildFile; fileRef = 3251DF132A6A1F6F0017334A /* TaggedPath.swift */; };
		3251DF162A6A39940017334A /* ColorWellSelectionView.swift in Sources */ = {isa = PBXBuildFile; fileRef = 3251DF152A6A39940017334A /* ColorWellSelectionView.swift */; };
		3251DF1A2A6A4D470017334A /* DWCCanvas.swift in Sources */ = {isa = PBXBuildFile; fileRef = 3251DF192A6A4D470017334A /* DWCCanvas.swift */; };
		3251DF222A6A4F1E0017334A /* ExploreAbilityUITests.swift in Sources */ = {isa = PBXBuildFile; fileRef = 3251DF212A6A4F1E0017334A /* ExploreAbilityUITests.swift */; };
		3251DF2B2A6A537A0017334A /* DynamicTypeUITests.swift in Sources */ = {isa = PBXBuildFile; fileRef = 3251DF2A2A6A537A0017334A /* DynamicTypeUITests.swift */; };
		3251DF2D2A6A5B5B0017334A /* XCUITestUtils.swift in Sources */ = {isa = PBXBuildFile; fileRef = 3251DF2C2A6A5B5B0017334A /* XCUITestUtils.swift */; };
		3256D5132A83545200E64E18 /* ChallengePersistenceViewModel.swift in Sources */ = {isa = PBXBuildFile; fileRef = 3256D5122A83545200E64E18 /* ChallengePersistenceViewModel.swift */; };
		325865522A42A31600630D7E /* DeveloperResourceGitHubButton.swift in Sources */ = {isa = PBXBuildFile; fileRef = 325865512A42A31600630D7E /* DeveloperResourceGitHubButton.swift */; };
		325865542A42A4E600630D7E /* DeveloperResourceView.swift in Sources */ = {isa = PBXBuildFile; fileRef = 325865532A42A4E600630D7E /* DeveloperResourceView.swift */; };
		325865572A42A60800630D7E /* Separator.swift in Sources */ = {isa = PBXBuildFile; fileRef = 325865562A42A60800630D7E /* Separator.swift */; };
		3258655A2A42A6AB00630D7E /* ResourceView.swift in Sources */ = {isa = PBXBuildFile; fileRef = 325865592A42A6AB00630D7E /* ResourceView.swift */; };
		3258655F2A42AAEA00630D7E /* XCChallengePreview.swift in Sources */ = {isa = PBXBuildFile; fileRef = 3258655E2A42AAEA00630D7E /* XCChallengePreview.swift */; };
		326036282A8150D200E44212 /* MonoAudioChallengeView.swift in Sources */ = {isa = PBXBuildFile; fileRef = 326036272A8150D200E44212 /* MonoAudioChallengeView.swift */; };
		326B88F12A6FC1A10029915B /* GuidedAccessView.swift in Sources */ = {isa = PBXBuildFile; fileRef = 326B88F02A6FC1A10029915B /* GuidedAccessView.swift */; };
		326E38152A83529E00803FCC /* ChallengePersistentData.swift in Sources */ = {isa = PBXBuildFile; fileRef = 326E38142A83529E00803FCC /* ChallengePersistentData.swift */; };
		327418912A80DFDC009721B9 /* VoiceOverView.swift in Sources */ = {isa = PBXBuildFile; fileRef = 327418902A80DFDC009721B9 /* VoiceOverView.swift */; };
		3275DF562A42BE4B00C361B1 /* MenuClosed.swift in Sources */ = {isa = PBXBuildFile; fileRef = 3275DF552A42BE4B00C361B1 /* MenuClosed.swift */; };
		3275DF582A42BEFF00C361B1 /* MenuButtons.swift in Sources */ = {isa = PBXBuildFile; fileRef = 3275DF572A42BEFF00C361B1 /* MenuButtons.swift */; };
		3275DF5A2A42BF9C00C361B1 /* MenuDismissButton.swift in Sources */ = {isa = PBXBuildFile; fileRef = 3275DF592A42BF9C00C361B1 /* MenuDismissButton.swift */; };
		3275DF5C2A42C02E00C361B1 /* MenuHintButton.swift in Sources */ = {isa = PBXBuildFile; fileRef = 3275DF5B2A42C02E00C361B1 /* MenuHintButton.swift */; };
		3275DF5E2A42C0EF00C361B1 /* MenuHomeButton.swift in Sources */ = {isa = PBXBuildFile; fileRef = 3275DF5D2A42C0EF00C361B1 /* MenuHomeButton.swift */; };
		327883AB2A6A6179005765E9 /* ReduceMotionUITests.swift in Sources */ = {isa = PBXBuildFile; fileRef = 327883AA2A6A6179005765E9 /* ReduceMotionUITests.swift */; };
		327883AD2A6A6333005765E9 /* ChallengeHomeButton.swift in Sources */ = {isa = PBXBuildFile; fileRef = 327883AC2A6A6333005765E9 /* ChallengeHomeButton.swift */; };
		327883AF2A6A646A005765E9 /* DifferentiateWithoutColorUITests.swift in Sources */ = {isa = PBXBuildFile; fileRef = 327883AE2A6A646A005765E9 /* DifferentiateWithoutColorUITests.swift */; };
		327883B22A6A6990005765E9 /* ShakeToUndoView.swift in Sources */ = {isa = PBXBuildFile; fileRef = 327883B12A6A6990005765E9 /* ShakeToUndoView.swift */; };
		327883B42A6A74A9005765E9 /* ShakeToUndoScene.swift in Sources */ = {isa = PBXBuildFile; fileRef = 327883B32A6A74A9005765E9 /* ShakeToUndoScene.swift */; };
		327883B62A6A7A6A005765E9 /* ShakeToUndoUITests.swift in Sources */ = {isa = PBXBuildFile; fileRef = 327883B52A6A7A6A005765E9 /* ShakeToUndoUITests.swift */; };
		327883B92A6A7C4A005765E9 /* Buzz in Frameworks */ = {isa = PBXBuildFile; productRef = 327883B82A6A7C4A005765E9 /* Buzz */; };
		327E69822A37ECE3004E0ED3 /* ChallengeConclusionView.swift in Sources */ = {isa = PBXBuildFile; fileRef = 327E69812A37ECE3004E0ED3 /* ChallengeConclusionView.swift */; };
		327E69842A384636004E0ED3 /* ReduceMotionView.swift in Sources */ = {isa = PBXBuildFile; fileRef = 327E69832A384636004E0ED3 /* ReduceMotionView.swift */; };
		327E69862A384982004E0ED3 /* RotatingCircleView.swift in Sources */ = {isa = PBXBuildFile; fileRef = 327E69852A384982004E0ED3 /* RotatingCircleView.swift */; };
		328B9A9B2A80E8350004072A /* VoiceOverChallengeToggle.swift in Sources */ = {isa = PBXBuildFile; fileRef = 328B9A9A2A80E8350004072A /* VoiceOverChallengeToggle.swift */; };
		328B9A9D2A80E8BF0004072A /* VoiceOverChallengePicker.swift in Sources */ = {isa = PBXBuildFile; fileRef = 328B9A9C2A80E8BF0004072A /* VoiceOverChallengePicker.swift */; };
		328DF9A32A811E3600FFC128 /* AnimatedImagesChallengeSample7.swift in Sources */ = {isa = PBXBuildFile; fileRef = 328DF99D2A811E3500FFC128 /* AnimatedImagesChallengeSample7.swift */; };
		328DF9A42A811E3600FFC128 /* AnimatedImagesChallengeSample4.swift in Sources */ = {isa = PBXBuildFile; fileRef = 328DF99E2A811E3500FFC128 /* AnimatedImagesChallengeSample4.swift */; };
		328DF9A52A811E3600FFC128 /* AnimatedImagesChallengeSample5.swift in Sources */ = {isa = PBXBuildFile; fileRef = 328DF99F2A811E3500FFC128 /* AnimatedImagesChallengeSample5.swift */; };
		328DF9A62A811E3600FFC128 /* AnimatedImagesChallengeSample1.swift in Sources */ = {isa = PBXBuildFile; fileRef = 328DF9A02A811E3500FFC128 /* AnimatedImagesChallengeSample1.swift */; };
		328DF9A72A811E3600FFC128 /* AnimatedImagesChallengeSample6.swift in Sources */ = {isa = PBXBuildFile; fileRef = 328DF9A12A811E3600FFC128 /* AnimatedImagesChallengeSample6.swift */; };
		328DF9A82A811E3600FFC128 /* AnimatedImagesChallengeSample2.swift in Sources */ = {isa = PBXBuildFile; fileRef = 328DF9A22A811E3600FFC128 /* AnimatedImagesChallengeSample2.swift */; };
		3291441D2A36032F00F5263D /* UtilMacros in Frameworks */ = {isa = PBXBuildFile; productRef = 3291441C2A36032F00F5263D /* UtilMacros */; };
		3291441F2A36265800F5263D /* ChallengePlayingView.swift in Sources */ = {isa = PBXBuildFile; fileRef = 3291441E2A36265800F5263D /* ChallengePlayingView.swift */; };
		329144212A36273400F5263D /* DynamicTypeChallengeView.swift in Sources */ = {isa = PBXBuildFile; fileRef = 329144202A36273400F5263D /* DynamicTypeChallengeView.swift */; };
		329144232A364A9400F5263D /* ArcText.swift in Sources */ = {isa = PBXBuildFile; fileRef = 329144222A364A9400F5263D /* ArcText.swift */; };
		329144252A364AF700F5263D /* CircularLabel.swift in Sources */ = {isa = PBXBuildFile; fileRef = 329144242A364AF700F5263D /* CircularLabel.swift */; };
		329C259D2A82850600D4ECC5 /* IncreaseContrastChallengeView.swift in Sources */ = {isa = PBXBuildFile; fileRef = 329C259C2A82850500D4ECC5 /* IncreaseContrastChallengeView.swift */; };
		329CB3982A813DA200ADA128 /* DimFlashingLightsChallengeView.swift in Sources */ = {isa = PBXBuildFile; fileRef = 329CB3972A813DA200ADA128 /* DimFlashingLightsChallengeView.swift */; };
		32A0A6592A42084900E97042 /* ResourcesView.swift in Sources */ = {isa = PBXBuildFile; fileRef = 32A0A6582A42084900E97042 /* ResourcesView.swift */; };
		32A0A65D2A42090D00E97042 /* DeveloperResourcesView.swift in Sources */ = {isa = PBXBuildFile; fileRef = 32A0A65C2A42090D00E97042 /* DeveloperResourcesView.swift */; };
		32A0A65F2A428B3800E97042 /* DisableInstructionsView.swift in Sources */ = {isa = PBXBuildFile; fileRef = 32A0A65E2A428B3800E97042 /* DisableInstructionsView.swift */; };
		32A0A6622A428FA900E97042 /* ChallengeConclusionContainerView.swift in Sources */ = {isa = PBXBuildFile; fileRef = 32A0A6612A428FA900E97042 /* ChallengeConclusionContainerView.swift */; };
		32AC04FC2A8163590003ADF0 /* MonoAudioChallengeAudioViewModel.swift in Sources */ = {isa = PBXBuildFile; fileRef = 32AC04FB2A8163590003ADF0 /* MonoAudioChallengeAudioViewModel.swift */; };
		32B014C22A8110B6006DB73A /* AnimatedImagesChallengeView.swift in Sources */ = {isa = PBXBuildFile; fileRef = 32B014C12A8110B6006DB73A /* AnimatedImagesChallengeView.swift */; };
		32B635402A80EDB900A04DA5 /* VoiceOverChallengeSlider.swift in Sources */ = {isa = PBXBuildFile; fileRef = 32B6353F2A80EDB900A04DA5 /* VoiceOverChallengeSlider.swift */; };
		32BC43502A8254A50056308A /* AssistiveTouchChallengeView.swift in Sources */ = {isa = PBXBuildFile; fileRef = 32BC434F2A8254A50056308A /* AssistiveTouchChallengeView.swift */; };
		32C123FC2A3956FA00501A1E /* PlayingFeatureOnView.swift in Sources */ = {isa = PBXBuildFile; fileRef = 32C123FB2A3956FA00501A1E /* PlayingFeatureOnView.swift */; };
		32C1C9392A2B8E8C00C1854F /* ExploreAbilityReleaseApp.swift in Sources */ = {isa = PBXBuildFile; fileRef = 32C1C9382A2B8E8C00C1854F /* ExploreAbilityReleaseApp.swift */; };
		32C1C93B2A2B8E8C00C1854F /* ContentView.swift in Sources */ = {isa = PBXBuildFile; fileRef = 32C1C93A2A2B8E8C00C1854F /* ContentView.swift */; };
		32C1C93D2A2B8E8D00C1854F /* Assets.xcassets in Resources */ = {isa = PBXBuildFile; fileRef = 32C1C93C2A2B8E8D00C1854F /* Assets.xcassets */; };
		32C1C9402A2B8E8D00C1854F /* Preview Assets.xcassets in Resources */ = {isa = PBXBuildFile; fileRef = 32C1C93F2A2B8E8D00C1854F /* Preview Assets.xcassets */; };
		32D354CC2A811C6B0030A949 /* AnimatedImagesChallengeSample3.swift in Sources */ = {isa = PBXBuildFile; fileRef = 32D354CB2A811C6B0030A949 /* AnimatedImagesChallengeSample3.swift */; };
		32E5F7AA2A815F4500BD36F2 /* test.mp3 in Resources */ = {isa = PBXBuildFile; fileRef = 32E5F7A92A815F4500BD36F2 /* test.mp3 */; };
/* End PBXBuildFile section */

/* Begin PBXContainerItemProxy section */
		3251DF282A6A4F560017334A /* PBXContainerItemProxy */ = {
			isa = PBXContainerItemProxy;
			containerPortal = 32C1C92D2A2B8E8C00C1854F /* Project object */;
			proxyType = 1;
			remoteGlobalIDString = 32C1C9342A2B8E8C00C1854F;
			remoteInfo = ExploreAbilityRelease;
		};
/* End PBXContainerItemProxy section */

/* Begin PBXFileReference section */
		32194FAE2A827B1D00D993B6 /* ChallengeComponentGroup.swift */ = {isa = PBXFileReference; fileEncoding = 4; lastKnownFileType = sourcecode.swift; path = ChallengeComponentGroup.swift; sourceTree = "<group>"; };
		32194FAF2A827B1D00D993B6 /* Metadata.swift */ = {isa = PBXFileReference; fileEncoding = 4; lastKnownFileType = sourcecode.swift; path = Metadata.swift; sourceTree = "<group>"; };
		32194FB02A827B1D00D993B6 /* ReferenceResource.swift */ = {isa = PBXFileReference; fileEncoding = 4; lastKnownFileType = sourcecode.swift; path = ReferenceResource.swift; sourceTree = "<group>"; };
		32194FB12A827B1D00D993B6 /* ReferenceResources.swift */ = {isa = PBXFileReference; fileEncoding = 4; lastKnownFileType = sourcecode.swift; path = ReferenceResources.swift; sourceTree = "<group>"; };
		32194FB22A827B1D00D993B6 /* DeveloperResources.swift */ = {isa = PBXFileReference; fileEncoding = 4; lastKnownFileType = sourcecode.swift; path = DeveloperResources.swift; sourceTree = "<group>"; };
		32194FB32A827B1D00D993B6 /* Conclusion.swift */ = {isa = PBXFileReference; fileEncoding = 4; lastKnownFileType = sourcecode.swift; path = Conclusion.swift; sourceTree = "<group>"; };
		32194FB42A827B1D00D993B6 /* DeveloperResource.swift */ = {isa = PBXFileReference; fileEncoding = 4; lastKnownFileType = sourcecode.swift; path = DeveloperResource.swift; sourceTree = "<group>"; };
		32194FB52A827B1D00D993B6 /* ChallengeBuilder.swift */ = {isa = PBXFileReference; fileEncoding = 4; lastKnownFileType = sourcecode.swift; path = ChallengeBuilder.swift; sourceTree = "<group>"; };
		32194FB62A827B1D00D993B6 /* DisableInstructions.swift */ = {isa = PBXFileReference; fileEncoding = 4; lastKnownFileType = sourcecode.swift; path = DisableInstructions.swift; sourceTree = "<group>"; };
		32194FB72A827B1D00D993B6 /* GitHub.swift */ = {isa = PBXFileReference; fileEncoding = 4; lastKnownFileType = sourcecode.swift; path = GitHub.swift; sourceTree = "<group>"; };
		32194FB82A827B1D00D993B6 /* Hint.swift */ = {isa = PBXFileReference; fileEncoding = 4; lastKnownFileType = sourcecode.swift; path = Hint.swift; sourceTree = "<group>"; };
		32194FB92A827B1D00D993B6 /* ChallengeComponent.swift */ = {isa = PBXFileReference; fileEncoding = 4; lastKnownFileType = sourcecode.swift; path = ChallengeComponent.swift; sourceTree = "<group>"; };
		321F5DF12A80EE59006B2416 /* VoiceOverChallengeStepper.swift */ = {isa = PBXFileReference; fileEncoding = 4; lastKnownFileType = sourcecode.swift; path = VoiceOverChallengeStepper.swift; sourceTree = "<group>"; };
		322986572A82BDEC009B6275 /* ClosedCaptionsSDHChallengeView.swift */ = {isa = PBXFileReference; fileEncoding = 4; lastKnownFileType = sourcecode.swift; path = ClosedCaptionsSDHChallengeView.swift; sourceTree = "<group>"; };
		32303C9C2A303F7A0032BB50 /* ChallengeCategory.swift */ = {isa = PBXFileReference; lastKnownFileType = sourcecode.swift; path = ChallengeCategory.swift; sourceTree = "<group>"; };
		32303C9E2A30414C0032BB50 /* Challenge.swift */ = {isa = PBXFileReference; lastKnownFileType = sourcecode.swift; path = Challenge.swift; sourceTree = "<group>"; };
		32303CBB2A3069B40032BB50 /* Challenge+Challenges.swift */ = {isa = PBXFileReference; lastKnownFileType = sourcecode.swift; path = "Challenge+Challenges.swift"; sourceTree = "<group>"; };
		32303CBD2A306A1E0032BB50 /* ChallengeRequirement.swift */ = {isa = PBXFileReference; lastKnownFileType = sourcecode.swift; path = ChallengeRequirement.swift; sourceTree = "<group>"; };
		32303CBF2A306C400032BB50 /* PreChallengeWarningView.swift */ = {isa = PBXFileReference; lastKnownFileType = sourcecode.swift; path = PreChallengeWarningView.swift; sourceTree = "<group>"; };
		32303CC12A307F940032BB50 /* CafeView.swift */ = {isa = PBXFileReference; lastKnownFileType = sourcecode.swift; path = CafeView.swift; sourceTree = "<group>"; };
		32303CC32A30A68C0032BB50 /* ControlsHexagonView.swift */ = {isa = PBXFileReference; lastKnownFileType = sourcecode.swift; path = ControlsHexagonView.swift; sourceTree = "<group>"; };
		32303CC52A30A7140032BB50 /* HexagonView.swift */ = {isa = PBXFileReference; lastKnownFileType = sourcecode.swift; path = HexagonView.swift; sourceTree = "<group>"; };
		32303CC72A30A7740032BB50 /* ViewModel.swift */ = {isa = PBXFileReference; lastKnownFileType = sourcecode.swift; path = ViewModel.swift; sourceTree = "<group>"; };
		32303CC92A30A7C80032BB50 /* ZoomableScrollView.swift */ = {isa = PBXFileReference; lastKnownFileType = sourcecode.swift; path = ZoomableScrollView.swift; sourceTree = "<group>"; };
		32303CCB2A30A8200032BB50 /* HomeView.swift */ = {isa = PBXFileReference; lastKnownFileType = sourcecode.swift; path = HomeView.swift; sourceTree = "<group>"; };
		32303CCD2A30A8910032BB50 /* GameState.swift */ = {isa = PBXFileReference; lastKnownFileType = sourcecode.swift; path = GameState.swift; sourceTree = "<group>"; };
		32303CD32A30A9860032BB50 /* Warning.swift */ = {isa = PBXFileReference; lastKnownFileType = sourcecode.swift; path = Warning.swift; sourceTree = "<group>"; };
		32303CD72A30B35B0032BB50 /* HomeViewActionButton.swift */ = {isa = PBXFileReference; lastKnownFileType = sourcecode.swift; path = HomeViewActionButton.swift; sourceTree = "<group>"; };
		32303CD92A30B9C60032BB50 /* ZoomState.swift */ = {isa = PBXFileReference; lastKnownFileType = sourcecode.swift; path = ZoomState.swift; sourceTree = "<group>"; };
		32303CDB2A30D6D30032BB50 /* ChallengeButtonView.swift */ = {isa = PBXFileReference; lastKnownFileType = sourcecode.swift; path = ChallengeButtonView.swift; sourceTree = "<group>"; };
		32303CDD2A30DB980032BB50 /* HomePopupView.swift */ = {isa = PBXFileReference; lastKnownFileType = sourcecode.swift; path = HomePopupView.swift; sourceTree = "<group>"; };
		32303CDF2A30DD670032BB50 /* CafeProductView.swift */ = {isa = PBXFileReference; lastKnownFileType = sourcecode.swift; path = CafeProductView.swift; sourceTree = "<group>"; };
		32303CE42A30DECA0032BB50 /* SettingsView.swift */ = {isa = PBXFileReference; lastKnownFileType = sourcecode.swift; path = SettingsView.swift; sourceTree = "<group>"; };
		32303CE62A30E2570032BB50 /* ChallengeView.swift */ = {isa = PBXFileReference; lastKnownFileType = sourcecode.swift; path = ChallengeView.swift; sourceTree = "<group>"; };
		32303CE82A317F120032BB50 /* ChallengeState.swift */ = {isa = PBXFileReference; lastKnownFileType = sourcecode.swift; path = ChallengeState.swift; sourceTree = "<group>"; };
		32303CEA2A3181050032BB50 /* ChallengeViewModel.swift */ = {isa = PBXFileReference; lastKnownFileType = sourcecode.swift; path = ChallengeViewModel.swift; sourceTree = "<group>"; };
		3238D0F32A80EB4A006D2889 /* VoiceOverChallengeDatePicker.swift */ = {isa = PBXFileReference; fileEncoding = 4; lastKnownFileType = sourcecode.swift; path = VoiceOverChallengeDatePicker.swift; sourceTree = "<group>"; };
		323DF2C52A36C27700CF20A5 /* ChallengeMenuView.swift */ = {isa = PBXFileReference; lastKnownFileType = sourcecode.swift; path = ChallengeMenuView.swift; sourceTree = "<group>"; };
		3240D8542A80E7CF00D48F42 /* VoiceOverChallengeControls.swift */ = {isa = PBXFileReference; fileEncoding = 4; lastKnownFileType = sourcecode.swift; path = VoiceOverChallengeControls.swift; sourceTree = "<group>"; };
		3241316A2A3F772500FBA638 /* DynamicTypeHelper.swift */ = {isa = PBXFileReference; lastKnownFileType = sourcecode.swift; path = DynamicTypeHelper.swift; sourceTree = "<group>"; };
		324D5FBE2A8200D300D3289D /* ReduceTransparencyChallengeView.swift */ = {isa = PBXFileReference; fileEncoding = 4; lastKnownFileType = sourcecode.swift; path = ReduceTransparencyChallengeView.swift; sourceTree = "<group>"; };
		3251DF112A6A17CD0017334A /* DifferentiateWithoutColorView.swift */ = {isa = PBXFileReference; lastKnownFileType = sourcecode.swift; path = DifferentiateWithoutColorView.swift; sourceTree = "<group>"; };
		3251DF132A6A1F6F0017334A /* TaggedPath.swift */ = {isa = PBXFileReference; lastKnownFileType = sourcecode.swift; path = TaggedPath.swift; sourceTree = "<group>"; };
		3251DF152A6A39940017334A /* ColorWellSelectionView.swift */ = {isa = PBXFileReference; lastKnownFileType = sourcecode.swift; path = ColorWellSelectionView.swift; sourceTree = "<group>"; };
		3251DF192A6A4D470017334A /* DWCCanvas.swift */ = {isa = PBXFileReference; lastKnownFileType = sourcecode.swift; path = DWCCanvas.swift; sourceTree = "<group>"; };
		3251DF1F2A6A4F1E0017334A /* ExploreAbilityUITests.xctest */ = {isa = PBXFileReference; explicitFileType = wrapper.cfbundle; includeInIndex = 0; path = ExploreAbilityUITests.xctest; sourceTree = BUILT_PRODUCTS_DIR; };
		3251DF212A6A4F1E0017334A /* ExploreAbilityUITests.swift */ = {isa = PBXFileReference; lastKnownFileType = sourcecode.swift; path = ExploreAbilityUITests.swift; sourceTree = "<group>"; };
		3251DF2A2A6A537A0017334A /* DynamicTypeUITests.swift */ = {isa = PBXFileReference; lastKnownFileType = sourcecode.swift; path = DynamicTypeUITests.swift; sourceTree = "<group>"; };
		3251DF2C2A6A5B5B0017334A /* XCUITestUtils.swift */ = {isa = PBXFileReference; lastKnownFileType = sourcecode.swift; path = XCUITestUtils.swift; sourceTree = "<group>"; };
		3256D5122A83545200E64E18 /* ChallengePersistenceViewModel.swift */ = {isa = PBXFileReference; fileEncoding = 4; lastKnownFileType = sourcecode.swift; path = ChallengePersistenceViewModel.swift; sourceTree = "<group>"; };
		325865512A42A31600630D7E /* DeveloperResourceGitHubButton.swift */ = {isa = PBXFileReference; lastKnownFileType = sourcecode.swift; path = DeveloperResourceGitHubButton.swift; sourceTree = "<group>"; };
		325865532A42A4E600630D7E /* DeveloperResourceView.swift */ = {isa = PBXFileReference; lastKnownFileType = sourcecode.swift; path = DeveloperResourceView.swift; sourceTree = "<group>"; };
		325865562A42A60800630D7E /* Separator.swift */ = {isa = PBXFileReference; lastKnownFileType = sourcecode.swift; path = Separator.swift; sourceTree = "<group>"; };
		325865592A42A6AB00630D7E /* ResourceView.swift */ = {isa = PBXFileReference; lastKnownFileType = sourcecode.swift; path = ResourceView.swift; sourceTree = "<group>"; };
		3258655E2A42AAEA00630D7E /* XCChallengePreview.swift */ = {isa = PBXFileReference; lastKnownFileType = sourcecode.swift; path = XCChallengePreview.swift; sourceTree = "<group>"; };
		326036272A8150D200E44212 /* MonoAudioChallengeView.swift */ = {isa = PBXFileReference; fileEncoding = 4; lastKnownFileType = sourcecode.swift; path = MonoAudioChallengeView.swift; sourceTree = "<group>"; };
		326B88F02A6FC1A10029915B /* GuidedAccessView.swift */ = {isa = PBXFileReference; lastKnownFileType = sourcecode.swift; path = GuidedAccessView.swift; sourceTree = "<group>"; };
		326E38142A83529E00803FCC /* ChallengePersistentData.swift */ = {isa = PBXFileReference; fileEncoding = 4; lastKnownFileType = sourcecode.swift; path = ChallengePersistentData.swift; sourceTree = "<group>"; };
		327418902A80DFDC009721B9 /* VoiceOverView.swift */ = {isa = PBXFileReference; fileEncoding = 4; lastKnownFileType = sourcecode.swift; path = VoiceOverView.swift; sourceTree = "<group>"; };
		3275DF552A42BE4B00C361B1 /* MenuClosed.swift */ = {isa = PBXFileReference; lastKnownFileType = sourcecode.swift; path = MenuClosed.swift; sourceTree = "<group>"; };
		3275DF572A42BEFF00C361B1 /* MenuButtons.swift */ = {isa = PBXFileReference; lastKnownFileType = sourcecode.swift; path = MenuButtons.swift; sourceTree = "<group>"; };
		3275DF592A42BF9C00C361B1 /* MenuDismissButton.swift */ = {isa = PBXFileReference; lastKnownFileType = sourcecode.swift; path = MenuDismissButton.swift; sourceTree = "<group>"; };
		3275DF5B2A42C02E00C361B1 /* MenuHintButton.swift */ = {isa = PBXFileReference; lastKnownFileType = sourcecode.swift; path = MenuHintButton.swift; sourceTree = "<group>"; };
		3275DF5D2A42C0EF00C361B1 /* MenuHomeButton.swift */ = {isa = PBXFileReference; lastKnownFileType = sourcecode.swift; path = MenuHomeButton.swift; sourceTree = "<group>"; };
		327883AA2A6A6179005765E9 /* ReduceMotionUITests.swift */ = {isa = PBXFileReference; lastKnownFileType = sourcecode.swift; path = ReduceMotionUITests.swift; sourceTree = "<group>"; };
		327883AC2A6A6333005765E9 /* ChallengeHomeButton.swift */ = {isa = PBXFileReference; lastKnownFileType = sourcecode.swift; path = ChallengeHomeButton.swift; sourceTree = "<group>"; };
		327883AE2A6A646A005765E9 /* DifferentiateWithoutColorUITests.swift */ = {isa = PBXFileReference; lastKnownFileType = sourcecode.swift; path = DifferentiateWithoutColorUITests.swift; sourceTree = "<group>"; };
		327883B12A6A6990005765E9 /* ShakeToUndoView.swift */ = {isa = PBXFileReference; lastKnownFileType = sourcecode.swift; path = ShakeToUndoView.swift; sourceTree = "<group>"; };
		327883B32A6A74A9005765E9 /* ShakeToUndoScene.swift */ = {isa = PBXFileReference; lastKnownFileType = sourcecode.swift; path = ShakeToUndoScene.swift; sourceTree = "<group>"; };
		327883B52A6A7A6A005765E9 /* ShakeToUndoUITests.swift */ = {isa = PBXFileReference; lastKnownFileType = sourcecode.swift; path = ShakeToUndoUITests.swift; sourceTree = "<group>"; };
		327E69812A37ECE3004E0ED3 /* ChallengeConclusionView.swift */ = {isa = PBXFileReference; lastKnownFileType = sourcecode.swift; path = ChallengeConclusionView.swift; sourceTree = "<group>"; };
		327E69832A384636004E0ED3 /* ReduceMotionView.swift */ = {isa = PBXFileReference; lastKnownFileType = sourcecode.swift; path = ReduceMotionView.swift; sourceTree = "<group>"; };
		327E69852A384982004E0ED3 /* RotatingCircleView.swift */ = {isa = PBXFileReference; lastKnownFileType = sourcecode.swift; path = RotatingCircleView.swift; sourceTree = "<group>"; };
		328B9A9A2A80E8350004072A /* VoiceOverChallengeToggle.swift */ = {isa = PBXFileReference; fileEncoding = 4; lastKnownFileType = sourcecode.swift; path = VoiceOverChallengeToggle.swift; sourceTree = "<group>"; };
		328B9A9C2A80E8BF0004072A /* VoiceOverChallengePicker.swift */ = {isa = PBXFileReference; lastKnownFileType = sourcecode.swift; path = VoiceOverChallengePicker.swift; sourceTree = "<group>"; };
		328DF99D2A811E3500FFC128 /* AnimatedImagesChallengeSample7.swift */ = {isa = PBXFileReference; fileEncoding = 4; lastKnownFileType = sourcecode.swift; path = AnimatedImagesChallengeSample7.swift; sourceTree = "<group>"; };
		328DF99E2A811E3500FFC128 /* AnimatedImagesChallengeSample4.swift */ = {isa = PBXFileReference; fileEncoding = 4; lastKnownFileType = sourcecode.swift; path = AnimatedImagesChallengeSample4.swift; sourceTree = "<group>"; };
		328DF99F2A811E3500FFC128 /* AnimatedImagesChallengeSample5.swift */ = {isa = PBXFileReference; fileEncoding = 4; lastKnownFileType = sourcecode.swift; path = AnimatedImagesChallengeSample5.swift; sourceTree = "<group>"; };
		328DF9A02A811E3500FFC128 /* AnimatedImagesChallengeSample1.swift */ = {isa = PBXFileReference; fileEncoding = 4; lastKnownFileType = sourcecode.swift; path = AnimatedImagesChallengeSample1.swift; sourceTree = "<group>"; };
		328DF9A12A811E3600FFC128 /* AnimatedImagesChallengeSample6.swift */ = {isa = PBXFileReference; fileEncoding = 4; lastKnownFileType = sourcecode.swift; path = AnimatedImagesChallengeSample6.swift; sourceTree = "<group>"; };
		328DF9A22A811E3600FFC128 /* AnimatedImagesChallengeSample2.swift */ = {isa = PBXFileReference; fileEncoding = 4; lastKnownFileType = sourcecode.swift; path = AnimatedImagesChallengeSample2.swift; sourceTree = "<group>"; };
		3291441E2A36265800F5263D /* ChallengePlayingView.swift */ = {isa = PBXFileReference; lastKnownFileType = sourcecode.swift; path = ChallengePlayingView.swift; sourceTree = "<group>"; };
		329144202A36273400F5263D /* DynamicTypeChallengeView.swift */ = {isa = PBXFileReference; lastKnownFileType = sourcecode.swift; path = DynamicTypeChallengeView.swift; sourceTree = "<group>"; };
		329144222A364A9400F5263D /* ArcText.swift */ = {isa = PBXFileReference; lastKnownFileType = sourcecode.swift; path = ArcText.swift; sourceTree = "<group>"; };
		329144242A364AF700F5263D /* CircularLabel.swift */ = {isa = PBXFileReference; lastKnownFileType = sourcecode.swift; path = CircularLabel.swift; sourceTree = "<group>"; };
		329C259C2A82850500D4ECC5 /* IncreaseContrastChallengeView.swift */ = {isa = PBXFileReference; fileEncoding = 4; lastKnownFileType = sourcecode.swift; path = IncreaseContrastChallengeView.swift; sourceTree = "<group>"; };
		329CB3972A813DA200ADA128 /* DimFlashingLightsChallengeView.swift */ = {isa = PBXFileReference; fileEncoding = 4; lastKnownFileType = sourcecode.swift; path = DimFlashingLightsChallengeView.swift; sourceTree = "<group>"; };
		32A0A6582A42084900E97042 /* ResourcesView.swift */ = {isa = PBXFileReference; lastKnownFileType = sourcecode.swift; path = ResourcesView.swift; sourceTree = "<group>"; };
		32A0A65C2A42090D00E97042 /* DeveloperResourcesView.swift */ = {isa = PBXFileReference; lastKnownFileType = sourcecode.swift; path = DeveloperResourcesView.swift; sourceTree = "<group>"; };
		32A0A65E2A428B3800E97042 /* DisableInstructionsView.swift */ = {isa = PBXFileReference; lastKnownFileType = sourcecode.swift; path = DisableInstructionsView.swift; sourceTree = "<group>"; };
		32A0A6612A428FA900E97042 /* ChallengeConclusionContainerView.swift */ = {isa = PBXFileReference; lastKnownFileType = sourcecode.swift; path = ChallengeConclusionContainerView.swift; sourceTree = "<group>"; };
		32AC04FB2A8163590003ADF0 /* MonoAudioChallengeAudioViewModel.swift */ = {isa = PBXFileReference; fileEncoding = 4; lastKnownFileType = sourcecode.swift; path = MonoAudioChallengeAudioViewModel.swift; sourceTree = "<group>"; };
		32B014C12A8110B6006DB73A /* AnimatedImagesChallengeView.swift */ = {isa = PBXFileReference; fileEncoding = 4; lastKnownFileType = sourcecode.swift; path = AnimatedImagesChallengeView.swift; sourceTree = "<group>"; };
		32B6353F2A80EDB900A04DA5 /* VoiceOverChallengeSlider.swift */ = {isa = PBXFileReference; fileEncoding = 4; lastKnownFileType = sourcecode.swift; path = VoiceOverChallengeSlider.swift; sourceTree = "<group>"; };
		32BC434F2A8254A50056308A /* AssistiveTouchChallengeView.swift */ = {isa = PBXFileReference; fileEncoding = 4; lastKnownFileType = sourcecode.swift; path = AssistiveTouchChallengeView.swift; sourceTree = "<group>"; };
		32C123FB2A3956FA00501A1E /* PlayingFeatureOnView.swift */ = {isa = PBXFileReference; lastKnownFileType = sourcecode.swift; path = PlayingFeatureOnView.swift; sourceTree = "<group>"; };
		32C1C9352A2B8E8C00C1854F /* ExploreAbilityRelease.app */ = {isa = PBXFileReference; explicitFileType = wrapper.application; includeInIndex = 0; path = ExploreAbilityRelease.app; sourceTree = BUILT_PRODUCTS_DIR; };
		32C1C9382A2B8E8C00C1854F /* ExploreAbilityReleaseApp.swift */ = {isa = PBXFileReference; lastKnownFileType = sourcecode.swift; path = ExploreAbilityReleaseApp.swift; sourceTree = "<group>"; };
		32C1C93A2A2B8E8C00C1854F /* ContentView.swift */ = {isa = PBXFileReference; lastKnownFileType = sourcecode.swift; path = ContentView.swift; sourceTree = "<group>"; };
		32C1C93C2A2B8E8D00C1854F /* Assets.xcassets */ = {isa = PBXFileReference; lastKnownFileType = folder.assetcatalog; path = Assets.xcassets; sourceTree = "<group>"; };
		32C1C93F2A2B8E8D00C1854F /* Preview Assets.xcassets */ = {isa = PBXFileReference; lastKnownFileType = folder.assetcatalog; path = "Preview Assets.xcassets"; sourceTree = "<group>"; };
		32D354CB2A811C6B0030A949 /* AnimatedImagesChallengeSample3.swift */ = {isa = PBXFileReference; fileEncoding = 4; lastKnownFileType = sourcecode.swift; path = AnimatedImagesChallengeSample3.swift; sourceTree = "<group>"; };
		32E5F7A92A815F4500BD36F2 /* test.mp3 */ = {isa = PBXFileReference; lastKnownFileType = audio.mp3; path = test.mp3; sourceTree = "<group>"; };
/* End PBXFileReference section */

/* Begin PBXFrameworksBuildPhase section */
		3251DF1C2A6A4F1E0017334A /* Frameworks */ = {
			isa = PBXFrameworksBuildPhase;
			buildActionMask = 2147483647;
			files = (
			);
			runOnlyForDeploymentPostprocessing = 0;
		};
		32C1C9322A2B8E8C00C1854F /* Frameworks */ = {
			isa = PBXFrameworksBuildPhase;
			buildActionMask = 2147483647;
			files = (
				3291441D2A36032F00F5263D /* UtilMacros in Frameworks */,
				327883B92A6A7C4A005765E9 /* Buzz in Frameworks */,
			);
			runOnlyForDeploymentPostprocessing = 0;
		};
/* End PBXFrameworksBuildPhase section */

/* Begin PBXGroup section */
		32194FC62A827BD300D993B6 /* Resources */ = {
			isa = PBXGroup;
			children = (
				32194FC82A827BEB00D993B6 /* Reference */,
				32194FC72A827BE400D993B6 /* Developer */,
			);
			path = Resources;
			sourceTree = "<group>";
		};
		32194FC72A827BE400D993B6 /* Developer */ = {
			isa = PBXGroup;
			children = (
				32194FB42A827B1D00D993B6 /* DeveloperResource.swift */,
				32194FB22A827B1D00D993B6 /* DeveloperResources.swift */,
			);
			path = Developer;
			sourceTree = "<group>";
		};
		32194FC82A827BEB00D993B6 /* Reference */ = {
			isa = PBXGroup;
			children = (
				32194FB02A827B1D00D993B6 /* ReferenceResource.swift */,
				32194FB12A827B1D00D993B6 /* ReferenceResources.swift */,
			);
			path = Reference;
			sourceTree = "<group>";
		};
		32194FC92A827C8100D993B6 /* Challenge Builder */ = {
			isa = PBXGroup;
			children = (
				32194FB52A827B1D00D993B6 /* ChallengeBuilder.swift */,
				32194FB92A827B1D00D993B6 /* ChallengeComponent.swift */,
				32194FAE2A827B1D00D993B6 /* ChallengeComponentGroup.swift */,
			);
			path = "Challenge Builder";
			sourceTree = "<group>";
		};
		32194FCA2A827C9300D993B6 /* Challenge Components */ = {
			isa = PBXGroup;
			children = (
				32194FC62A827BD300D993B6 /* Resources */,
				32194FB62A827B1D00D993B6 /* DisableInstructions.swift */,
				32194FB32A827B1D00D993B6 /* Conclusion.swift */,
				32194FB72A827B1D00D993B6 /* GitHub.swift */,
				32194FB82A827B1D00D993B6 /* Hint.swift */,
				32194FAF2A827B1D00D993B6 /* Metadata.swift */,
				32303CD32A30A9860032BB50 /* Warning.swift */,
				32303C9C2A303F7A0032BB50 /* ChallengeCategory.swift */,
				32303CBD2A306A1E0032BB50 /* ChallengeRequirement.swift */,
			);
			path = "Challenge Components";
			sourceTree = "<group>";
		};
		32194FCB2A8284D300D993B6 /* Increase Contrast */ = {
			isa = PBXGroup;
			children = (
				329C259C2A82850500D4ECC5 /* IncreaseContrastChallengeView.swift */,
			);
			path = "Increase Contrast";
			sourceTree = "<group>";
		};
		32303CCF2A30A8E70032BB50 /* Models */ = {
			isa = PBXGroup;
			children = (
				326E38142A83529E00803FCC /* ChallengePersistentData.swift */,
				32303CCD2A30A8910032BB50 /* GameState.swift */,
				32303CD92A30B9C60032BB50 /* ZoomState.swift */,
				32303CE82A317F120032BB50 /* ChallengeState.swift */,
				32303CD22A30A9560032BB50 /* Challenges */,
			);
			path = Models;
			sourceTree = "<group>";
		};
		32303CD02A30A9110032BB50 /* Views */ = {
			isa = PBXGroup;
			children = (
				32C1C93A2A2B8E8C00C1854F /* ContentView.swift */,
				329144272A364B4D00F5263D /* Challenge */,
				32303CD52A30A9D30032BB50 /* Home */,
				325865582A42A63F00630D7E /* Helper Views */,
			);
			path = Views;
			sourceTree = "<group>";
		};
		32303CD12A30A9270032BB50 /* View Model */ = {
			isa = PBXGroup;
			children = (
				3256D5122A83545200E64E18 /* ChallengePersistenceViewModel.swift */,
				32303CEA2A3181050032BB50 /* ChallengeViewModel.swift */,
				32303CC72A30A7740032BB50 /* ViewModel.swift */,
			);
			path = "View Model";
			sourceTree = "<group>";
		};
		32303CD22A30A9560032BB50 /* Challenges */ = {
			isa = PBXGroup;
			children = (
				32303C9E2A30414C0032BB50 /* Challenge.swift */,
				32303CBB2A3069B40032BB50 /* Challenge+Challenges.swift */,
				32194FC92A827C8100D993B6 /* Challenge Builder */,
				32194FCA2A827C9300D993B6 /* Challenge Components */,
			);
			path = Challenges;
			sourceTree = "<group>";
		};
		32303CD52A30A9D30032BB50 /* Home */ = {
			isa = PBXGroup;
			children = (
				32303CCB2A30A8200032BB50 /* HomeView.swift */,
				32303CC92A30A7C80032BB50 /* ZoomableScrollView.swift */,
				32303CD62A30AA140032BB50 /* Hexagon */,
				32303CE22A30DD8A0032BB50 /* Popup Views */,
			);
			path = Home;
			sourceTree = "<group>";
		};
		32303CD62A30AA140032BB50 /* Hexagon */ = {
			isa = PBXGroup;
			children = (
				32303CDB2A30D6D30032BB50 /* ChallengeButtonView.swift */,
				32303CC52A30A7140032BB50 /* HexagonView.swift */,
				32303CC32A30A68C0032BB50 /* ControlsHexagonView.swift */,
				32303CD72A30B35B0032BB50 /* HomeViewActionButton.swift */,
			);
			path = Hexagon;
			sourceTree = "<group>";
		};
		32303CE12A30DD7F0032BB50 /* Cafe */ = {
			isa = PBXGroup;
			children = (
				32303CC12A307F940032BB50 /* CafeView.swift */,
				32303CDF2A30DD670032BB50 /* CafeProductView.swift */,
			);
			path = Cafe;
			sourceTree = "<group>";
		};
		32303CE22A30DD8A0032BB50 /* Popup Views */ = {
			isa = PBXGroup;
			children = (
				32303CDD2A30DB980032BB50 /* HomePopupView.swift */,
				32303CE42A30DECA0032BB50 /* SettingsView.swift */,
				32303CE12A30DD7F0032BB50 /* Cafe */,
			);
			path = "Popup Views";
			sourceTree = "<group>";
		};
		32333BA92A8200A600F4C4EF /* Reduce Transparency */ = {
			isa = PBXGroup;
			children = (
				324D5FBE2A8200D300D3289D /* ReduceTransparencyChallengeView.swift */,
			);
			path = "Reduce Transparency";
			sourceTree = "<group>";
		};
		324D5FC02A82547D00D3289D /* Assistive Touch */ = {
			isa = PBXGroup;
			children = (
				32BC434F2A8254A50056308A /* AssistiveTouchChallengeView.swift */,
			);
			path = "Assistive Touch";
			sourceTree = "<group>";
		};
		3251DF102A6A177E0017334A /* Differentiate Without Color */ = {
			isa = PBXGroup;
			children = (
				3251DF112A6A17CD0017334A /* DifferentiateWithoutColorView.swift */,
				3251DF192A6A4D470017334A /* DWCCanvas.swift */,
				3251DF152A6A39940017334A /* ColorWellSelectionView.swift */,
				3251DF132A6A1F6F0017334A /* TaggedPath.swift */,
			);
			path = "Differentiate Without Color";
			sourceTree = "<group>";
		};
		3251DF202A6A4F1E0017334A /* ExploreAbilityUITests */ = {
			isa = PBXGroup;
			children = (
				3251DF212A6A4F1E0017334A /* ExploreAbilityUITests.swift */,
				3251DF2A2A6A537A0017334A /* DynamicTypeUITests.swift */,
				327883AA2A6A6179005765E9 /* ReduceMotionUITests.swift */,
				327883B52A6A7A6A005765E9 /* ShakeToUndoUITests.swift */,
				327883AE2A6A646A005765E9 /* DifferentiateWithoutColorUITests.swift */,
				3251DF2C2A6A5B5B0017334A /* XCUITestUtils.swift */,
			);
			path = ExploreAbilityUITests;
			sourceTree = "<group>";
		};
		325865552A42A53800630D7E /* Resources Views */ = {
			isa = PBXGroup;
			children = (
				3258655B2A42A6BD00630D7E /* Regular Resources */,
				3258655C2A42A6DF00630D7E /* Developer Resources */,
			);
			path = "Resources Views";
			sourceTree = "<group>";
		};
		325865582A42A63F00630D7E /* Helper Views */ = {
			isa = PBXGroup;
			children = (
				325865562A42A60800630D7E /* Separator.swift */,
			);
			path = "Helper Views";
			sourceTree = "<group>";
		};
		3258655B2A42A6BD00630D7E /* Regular Resources */ = {
			isa = PBXGroup;
			children = (
				325865592A42A6AB00630D7E /* ResourceView.swift */,
				32A0A6582A42084900E97042 /* ResourcesView.swift */,
			);
			path = "Regular Resources";
			sourceTree = "<group>";
		};
		3258655C2A42A6DF00630D7E /* Developer Resources */ = {
			isa = PBXGroup;
			children = (
				32A0A65C2A42090D00E97042 /* DeveloperResourcesView.swift */,
				325865532A42A4E600630D7E /* DeveloperResourceView.swift */,
				325865512A42A31600630D7E /* DeveloperResourceGitHubButton.swift */,
			);
			path = "Developer Resources";
			sourceTree = "<group>";
		};
		325865602A42AD1F00630D7E /* Challenge Menu */ = {
			isa = PBXGroup;
			children = (
				323DF2C52A36C27700CF20A5 /* ChallengeMenuView.swift */,
				3275DF5F2A42C11A00C361B1 /* Menu Buttons */,
				3275DF552A42BE4B00C361B1 /* MenuClosed.swift */,
			);
			path = "Challenge Menu";
			sourceTree = "<group>";
		};
		32589BD62A8110920089529B /* Animated Images */ = {
			isa = PBXGroup;
			children = (
				32B014C12A8110B6006DB73A /* AnimatedImagesChallengeView.swift */,
				328DF9A02A811E3500FFC128 /* AnimatedImagesChallengeSample1.swift */,
				328DF9A22A811E3600FFC128 /* AnimatedImagesChallengeSample2.swift */,
				32D354CB2A811C6B0030A949 /* AnimatedImagesChallengeSample3.swift */,
				328DF99E2A811E3500FFC128 /* AnimatedImagesChallengeSample4.swift */,
				328DF99F2A811E3500FFC128 /* AnimatedImagesChallengeSample5.swift */,
				328DF9A12A811E3600FFC128 /* AnimatedImagesChallengeSample6.swift */,
				328DF99D2A811E3500FFC128 /* AnimatedImagesChallengeSample7.swift */,
			);
			path = "Animated Images";
			sourceTree = "<group>";
		};
		3258E9682A80DF7E009149CF /* VoiceOver */ = {
			isa = PBXGroup;
			children = (
				327418902A80DFDC009721B9 /* VoiceOverView.swift */,
				321F5DF12A80EE59006B2416 /* VoiceOverChallengeStepper.swift */,
				328B9A9A2A80E8350004072A /* VoiceOverChallengeToggle.swift */,
				328B9A9C2A80E8BF0004072A /* VoiceOverChallengePicker.swift */,
				3240D8542A80E7CF00D48F42 /* VoiceOverChallengeControls.swift */,
				32B6353F2A80EDB900A04DA5 /* VoiceOverChallengeSlider.swift */,
				3238D0F32A80EB4A006D2889 /* VoiceOverChallengeDatePicker.swift */,
			);
			path = VoiceOver;
			sourceTree = "<group>";
		};
		326B88EF2A6FC1930029915B /* Guided Access */ = {
			isa = PBXGroup;
			children = (
				326B88F02A6FC1A10029915B /* GuidedAccessView.swift */,
			);
			path = "Guided Access";
			sourceTree = "<group>";
		};
		3275DF5F2A42C11A00C361B1 /* Menu Buttons */ = {
			isa = PBXGroup;
			children = (
				3275DF572A42BEFF00C361B1 /* MenuButtons.swift */,
				3275DF602A42C13200C361B1 /* Individual Buttons */,
			);
			path = "Menu Buttons";
			sourceTree = "<group>";
		};
		3275DF602A42C13200C361B1 /* Individual Buttons */ = {
			isa = PBXGroup;
			children = (
				3275DF5D2A42C0EF00C361B1 /* MenuHomeButton.swift */,
				3275DF5B2A42C02E00C361B1 /* MenuHintButton.swift */,
				3275DF592A42BF9C00C361B1 /* MenuDismissButton.swift */,
			);
			path = "Individual Buttons";
			sourceTree = "<group>";
		};
		327883B02A6A6985005765E9 /* Shake to Undo */ = {
			isa = PBXGroup;
			children = (
				327883B12A6A6990005765E9 /* ShakeToUndoView.swift */,
				327883B32A6A74A9005765E9 /* ShakeToUndoScene.swift */,
			);
			path = "Shake to Undo";
			sourceTree = "<group>";
		};
		328C4BEF2A8150A700624A31 /* Mono Audio */ = {
			isa = PBXGroup;
			children = (
				326036272A8150D200E44212 /* MonoAudioChallengeView.swift */,
				32AC04FB2A8163590003ADF0 /* MonoAudioChallengeAudioViewModel.swift */,
				32E5F7A92A815F4500BD36F2 /* test.mp3 */,
			);
			path = "Mono Audio";
			sourceTree = "<group>";
		};
		328DF9A92A813D7900FFC128 /* Dim Flashing Lights */ = {
			isa = PBXGroup;
			children = (
				329CB3972A813DA200ADA128 /* DimFlashingLightsChallengeView.swift */,
			);
			path = "Dim Flashing Lights";
			sourceTree = "<group>";
		};
		329144262A364B0000F5263D /* Dynamic Type */ = {
			isa = PBXGroup;
			children = (
				329144202A36273400F5263D /* DynamicTypeChallengeView.swift */,
				3241316A2A3F772500FBA638 /* DynamicTypeHelper.swift */,
				329144222A364A9400F5263D /* ArcText.swift */,
				329144242A364AF700F5263D /* CircularLabel.swift */,
			);
			path = "Dynamic Type";
			sourceTree = "<group>";
		};
		329144272A364B4D00F5263D /* Challenge */ = {
			isa = PBXGroup;
			children = (
				32303CBF2A306C400032BB50 /* PreChallengeWarningView.swift */,
				32303CE62A30E2570032BB50 /* ChallengeView.swift */,
				32A0A65B2A42086600E97042 /* Challenges */,
				32A0A65A2A42085400E97042 /* Conclusion */,
				325865602A42AD1F00630D7E /* Challenge Menu */,
				32A0A6602A428F6000E97042 /* Playing Feature On View */,
			);
			path = Challenge;
			sourceTree = "<group>";
		};
		329C259E2A82BDC500D4ECC5 /* Closed Captions */ = {
			isa = PBXGroup;
			children = (
				322986572A82BDEC009B6275 /* ClosedCaptionsSDHChallengeView.swift */,
			);
			path = "Closed Captions";
			sourceTree = "<group>";
		};
		32A0A65A2A42085400E97042 /* Conclusion */ = {
			isa = PBXGroup;
			children = (
				327E69812A37ECE3004E0ED3 /* ChallengeConclusionView.swift */,
				32A0A6612A428FA900E97042 /* ChallengeConclusionContainerView.swift */,
				325865552A42A53800630D7E /* Resources Views */,
			);
			path = Conclusion;
			sourceTree = "<group>";
		};
		32A0A65B2A42086600E97042 /* Challenges */ = {
			isa = PBXGroup;
			children = (
				3291441E2A36265800F5263D /* ChallengePlayingView.swift */,
				327883AC2A6A6333005765E9 /* ChallengeHomeButton.swift */,
				329C259E2A82BDC500D4ECC5 /* Closed Captions */,
				32194FCB2A8284D300D993B6 /* Increase Contrast */,
				324D5FC02A82547D00D3289D /* Assistive Touch */,
				32333BA92A8200A600F4C4EF /* Reduce Transparency */,
				328C4BEF2A8150A700624A31 /* Mono Audio */,
				328DF9A92A813D7900FFC128 /* Dim Flashing Lights */,
				32589BD62A8110920089529B /* Animated Images */,
				3258E9682A80DF7E009149CF /* VoiceOver */,
				326B88EF2A6FC1930029915B /* Guided Access */,
				327883B02A6A6985005765E9 /* Shake to Undo */,
				3251DF102A6A177E0017334A /* Differentiate Without Color */,
				32C123E02A3942C100501A1E /* Reduce Motion */,
				329144262A364B0000F5263D /* Dynamic Type */,
				3258655E2A42AAEA00630D7E /* XCChallengePreview.swift */,
			);
			path = Challenges;
			sourceTree = "<group>";
		};
		32A0A6602A428F6000E97042 /* Playing Feature On View */ = {
			isa = PBXGroup;
			children = (
				32C123FB2A3956FA00501A1E /* PlayingFeatureOnView.swift */,
				32A0A65E2A428B3800E97042 /* DisableInstructionsView.swift */,
			);
			path = "Playing Feature On View";
			sourceTree = "<group>";
		};
		32C123E02A3942C100501A1E /* Reduce Motion */ = {
			isa = PBXGroup;
			children = (
				327E69832A384636004E0ED3 /* ReduceMotionView.swift */,
				327E69852A384982004E0ED3 /* RotatingCircleView.swift */,
			);
			path = "Reduce Motion";
			sourceTree = "<group>";
		};
		32C1C92C2A2B8E8C00C1854F = {
			isa = PBXGroup;
			children = (
				32C1C9372A2B8E8C00C1854F /* ExploreAbilityRelease */,
				3251DF202A6A4F1E0017334A /* ExploreAbilityUITests */,
				32C1C9362A2B8E8C00C1854F /* Products */,
			);
			sourceTree = "<group>";
		};
		32C1C9362A2B8E8C00C1854F /* Products */ = {
			isa = PBXGroup;
			children = (
				32C1C9352A2B8E8C00C1854F /* ExploreAbilityRelease.app */,
				3251DF1F2A6A4F1E0017334A /* ExploreAbilityUITests.xctest */,
			);
			name = Products;
			sourceTree = "<group>";
		};
		32C1C9372A2B8E8C00C1854F /* ExploreAbilityRelease */ = {
			isa = PBXGroup;
			children = (
				32C1C9382A2B8E8C00C1854F /* ExploreAbilityReleaseApp.swift */,
				32303CD02A30A9110032BB50 /* Views */,
				32303CCF2A30A8E70032BB50 /* Models */,
				32303CD12A30A9270032BB50 /* View Model */,
				32C1C93C2A2B8E8D00C1854F /* Assets.xcassets */,
				32C1C93E2A2B8E8D00C1854F /* Preview Content */,
			);
			path = ExploreAbilityRelease;
			sourceTree = "<group>";
		};
		32C1C93E2A2B8E8D00C1854F /* Preview Content */ = {
			isa = PBXGroup;
			children = (
				32C1C93F2A2B8E8D00C1854F /* Preview Assets.xcassets */,
			);
			path = "Preview Content";
			sourceTree = "<group>";
		};
/* End PBXGroup section */

/* Begin PBXNativeTarget section */
		3251DF1E2A6A4F1E0017334A /* ExploreAbilityUITests */ = {
			isa = PBXNativeTarget;
			buildConfigurationList = 3251DF252A6A4F1E0017334A /* Build configuration list for PBXNativeTarget "ExploreAbilityUITests" */;
			buildPhases = (
				3251DF1B2A6A4F1E0017334A /* Sources */,
				3251DF1C2A6A4F1E0017334A /* Frameworks */,
				3251DF1D2A6A4F1E0017334A /* Resources */,
			);
			buildRules = (
			);
			dependencies = (
				3251DF292A6A4F560017334A /* PBXTargetDependency */,
			);
			name = ExploreAbilityUITests;
			productName = ExploreAbilityUITests;
			productReference = 3251DF1F2A6A4F1E0017334A /* ExploreAbilityUITests.xctest */;
			productType = "com.apple.product-type.bundle.ui-testing";
		};
		32C1C9342A2B8E8C00C1854F /* ExploreAbilityRelease */ = {
			isa = PBXNativeTarget;
			buildConfigurationList = 32C1C9432A2B8E8D00C1854F /* Build configuration list for PBXNativeTarget "ExploreAbilityRelease" */;
			buildPhases = (
				32C1C9312A2B8E8C00C1854F /* Sources */,
				32C1C9322A2B8E8C00C1854F /* Frameworks */,
				32C1C9332A2B8E8C00C1854F /* Resources */,
				3258655D2A42A83600630D7E /* SwiftLint */,
			);
			buildRules = (
			);
			dependencies = (
			);
			name = ExploreAbilityRelease;
			packageProductDependencies = (
				3291441C2A36032F00F5263D /* UtilMacros */,
				327883B82A6A7C4A005765E9 /* Buzz */,
			);
			productName = ExploreAbilityRelease;
			productReference = 32C1C9352A2B8E8C00C1854F /* ExploreAbilityRelease.app */;
			productType = "com.apple.product-type.application";
		};
/* End PBXNativeTarget section */

/* Begin PBXProject section */
		32C1C92D2A2B8E8C00C1854F /* Project object */ = {
			isa = PBXProject;
			attributes = {
				BuildIndependentTargetsInParallel = 1;
				LastSwiftUpdateCheck = 1500;
				LastUpgradeCheck = 1430;
				TargetAttributes = {
					3251DF1E2A6A4F1E0017334A = {
						CreatedOnToolsVersion = 15.0;
						TestTargetID = 32C1C9342A2B8E8C00C1854F;
					};
					32C1C9342A2B8E8C00C1854F = {
						CreatedOnToolsVersion = 14.3;
					};
				};
			};
			buildConfigurationList = 32C1C9302A2B8E8C00C1854F /* Build configuration list for PBXProject "ExploreAbilityRelease" */;
			compatibilityVersion = "Xcode 14.0";
			developmentRegion = en;
			hasScannedForEncodings = 0;
			knownRegions = (
				en,
				Base,
			);
			mainGroup = 32C1C92C2A2B8E8C00C1854F;
			packageReferences = (
				3291441B2A36032F00F5263D /* XCRemoteSwiftPackageReference "UtilMacros" */,
				327883B72A6A7C4A005765E9 /* XCRemoteSwiftPackageReference "buzz" */,
			);
			productRefGroup = 32C1C9362A2B8E8C00C1854F /* Products */;
			projectDirPath = "";
			projectRoot = "";
			targets = (
				32C1C9342A2B8E8C00C1854F /* ExploreAbilityRelease */,
				3251DF1E2A6A4F1E0017334A /* ExploreAbilityUITests */,
			);
		};
/* End PBXProject section */

/* Begin PBXResourcesBuildPhase section */
		3251DF1D2A6A4F1E0017334A /* Resources */ = {
			isa = PBXResourcesBuildPhase;
			buildActionMask = 2147483647;
			files = (
			);
			runOnlyForDeploymentPostprocessing = 0;
		};
		32C1C9332A2B8E8C00C1854F /* Resources */ = {
			isa = PBXResourcesBuildPhase;
			buildActionMask = 2147483647;
			files = (
				32C1C9402A2B8E8D00C1854F /* Preview Assets.xcassets in Resources */,
				32C1C93D2A2B8E8D00C1854F /* Assets.xcassets in Resources */,
				32E5F7AA2A815F4500BD36F2 /* test.mp3 in Resources */,
			);
			runOnlyForDeploymentPostprocessing = 0;
		};
/* End PBXResourcesBuildPhase section */

/* Begin PBXShellScriptBuildPhase section */
		3258655D2A42A83600630D7E /* SwiftLint */ = {
			isa = PBXShellScriptBuildPhase;
			alwaysOutOfDate = 1;
			buildActionMask = 2147483647;
			files = (
			);
			inputFileListPaths = (
			);
			inputPaths = (
			);
			name = SwiftLint;
			outputFileListPaths = (
			);
			outputPaths = (
			);
			runOnlyForDeploymentPostprocessing = 0;
			shellPath = /bin/sh;
			shellScript = "if [[ \"$(uname -m)\" == arm64 ]]; then\n    export PATH=\"/opt/homebrew/bin:$PATH\"\nfi\n\nif which swiftlint > /dev/null; then\n  swiftlint\nelse\n  echo \"warning: SwiftLint not installed, download from https://github.com/realm/SwiftLint\"\nfi\n";
		};
/* End PBXShellScriptBuildPhase section */

/* Begin PBXSourcesBuildPhase section */
		3251DF1B2A6A4F1E0017334A /* Sources */ = {
			isa = PBXSourcesBuildPhase;
			buildActionMask = 2147483647;
			files = (
				3251DF2D2A6A5B5B0017334A /* XCUITestUtils.swift in Sources */,
				3251DF222A6A4F1E0017334A /* ExploreAbilityUITests.swift in Sources */,
				327883AB2A6A6179005765E9 /* ReduceMotionUITests.swift in Sources */,
				327883B62A6A7A6A005765E9 /* ShakeToUndoUITests.swift in Sources */,
				327883AF2A6A646A005765E9 /* DifferentiateWithoutColorUITests.swift in Sources */,
				3251DF2B2A6A537A0017334A /* DynamicTypeUITests.swift in Sources */,
			);
			runOnlyForDeploymentPostprocessing = 0;
		};
		32C1C9312A2B8E8C00C1854F /* Sources */ = {
			isa = PBXSourcesBuildPhase;
			buildActionMask = 2147483647;
			files = (
				32303CE52A30DECA0032BB50 /* SettingsView.swift in Sources */,
				32303CD42A30A9860032BB50 /* Warning.swift in Sources */,
				3275DF562A42BE4B00C361B1 /* MenuClosed.swift in Sources */,
				32194FC12A827B1D00D993B6 /* ChallengeBuilder.swift in Sources */,
				32303CBC2A3069B40032BB50 /* Challenge+Challenges.swift in Sources */,
				328B9A9D2A80E8BF0004072A /* VoiceOverChallengePicker.swift in Sources */,
				3275DF5C2A42C02E00C361B1 /* MenuHintButton.swift in Sources */,
				32194FC02A827B1D00D993B6 /* DeveloperResource.swift in Sources */,
				329144252A364AF700F5263D /* CircularLabel.swift in Sources */,
				32303CC62A30A7140032BB50 /* HexagonView.swift in Sources */,
				325865572A42A60800630D7E /* Separator.swift in Sources */,
				322986582A82BDEC009B6275 /* ClosedCaptionsSDHChallengeView.swift in Sources */,
				3238D0F42A80EB4A006D2889 /* VoiceOverChallengeDatePicker.swift in Sources */,
				3251DF1A2A6A4D470017334A /* DWCCanvas.swift in Sources */,
				3251DF122A6A17CD0017334A /* DifferentiateWithoutColorView.swift in Sources */,
				323DF2C62A36C27700CF20A5 /* ChallengeMenuView.swift in Sources */,
				32AC04FC2A8163590003ADF0 /* MonoAudioChallengeAudioViewModel.swift in Sources */,
				328DF9A82A811E3600FFC128 /* AnimatedImagesChallengeSample2.swift in Sources */,
				32303CDE2A30DB980032BB50 /* HomePopupView.swift in Sources */,
				32BC43502A8254A50056308A /* AssistiveTouchChallengeView.swift in Sources */,
				327E69822A37ECE3004E0ED3 /* ChallengeConclusionView.swift in Sources */,
				3251DF142A6A1F6F0017334A /* TaggedPath.swift in Sources */,
				327E69862A384982004E0ED3 /* RotatingCircleView.swift in Sources */,
				32303CD82A30B35B0032BB50 /* HomeViewActionButton.swift in Sources */,
				32194FBE2A827B1D00D993B6 /* DeveloperResources.swift in Sources */,
				328DF9A62A811E3600FFC128 /* AnimatedImagesChallengeSample1.swift in Sources */,
				3256D5132A83545200E64E18 /* ChallengePersistenceViewModel.swift in Sources */,
				326E38152A83529E00803FCC /* ChallengePersistentData.swift in Sources */,
				32194FC22A827B1D00D993B6 /* DisableInstructions.swift in Sources */,
				326036282A8150D200E44212 /* MonoAudioChallengeView.swift in Sources */,
				327E69842A384636004E0ED3 /* ReduceMotionView.swift in Sources */,
				32303CCC2A30A8200032BB50 /* HomeView.swift in Sources */,
				32303CC42A30A68C0032BB50 /* ControlsHexagonView.swift in Sources */,
				32303CE92A317F120032BB50 /* ChallengeState.swift in Sources */,
				32C123FC2A3956FA00501A1E /* PlayingFeatureOnView.swift in Sources */,
				32303CC82A30A7740032BB50 /* ViewModel.swift in Sources */,
				328B9A9B2A80E8350004072A /* VoiceOverChallengeToggle.swift in Sources */,
				324D5FBF2A8200D300D3289D /* ReduceTransparencyChallengeView.swift in Sources */,
				329144212A36273400F5263D /* DynamicTypeChallengeView.swift in Sources */,
				328DF9A52A811E3600FFC128 /* AnimatedImagesChallengeSample5.swift in Sources */,
				32303CEB2A3181050032BB50 /* ChallengeViewModel.swift in Sources */,
				32D354CC2A811C6B0030A949 /* AnimatedImagesChallengeSample3.swift in Sources */,
				3251DF162A6A39940017334A /* ColorWellSelectionView.swift in Sources */,
				32303C9D2A303F7A0032BB50 /* ChallengeCategory.swift in Sources */,
				32303CDC2A30D6D30032BB50 /* ChallengeButtonView.swift in Sources */,
				32303CC02A306C400032BB50 /* PreChallengeWarningView.swift in Sources */,
				32303CCE2A30A8910032BB50 /* GameState.swift in Sources */,
				329CB3982A813DA200ADA128 /* DimFlashingLightsChallengeView.swift in Sources */,
				3275DF5E2A42C0EF00C361B1 /* MenuHomeButton.swift in Sources */,
				327883B22A6A6990005765E9 /* ShakeToUndoView.swift in Sources */,
				32303CC22A307F940032BB50 /* CafeView.swift in Sources */,
				32194FBA2A827B1D00D993B6 /* ChallengeComponentGroup.swift in Sources */,
				32194FBD2A827B1D00D993B6 /* ReferenceResources.swift in Sources */,
				328DF9A32A811E3600FFC128 /* AnimatedImagesChallengeSample7.swift in Sources */,
				32194FBB2A827B1D00D993B6 /* Metadata.swift in Sources */,
				32A0A6622A428FA900E97042 /* ChallengeConclusionContainerView.swift in Sources */,
				326B88F12A6FC1A10029915B /* GuidedAccessView.swift in Sources */,
				32194FC32A827B1D00D993B6 /* GitHub.swift in Sources */,
				32303CE72A30E2570032BB50 /* ChallengeView.swift in Sources */,
				325865522A42A31600630D7E /* DeveloperResourceGitHubButton.swift in Sources */,
				32A0A65F2A428B3800E97042 /* DisableInstructionsView.swift in Sources */,
				32303C9F2A30414C0032BB50 /* Challenge.swift in Sources */,
				32B635402A80EDB900A04DA5 /* VoiceOverChallengeSlider.swift in Sources */,
				327883B42A6A74A9005765E9 /* ShakeToUndoScene.swift in Sources */,
				3241316B2A3F772500FBA638 /* DynamicTypeHelper.swift in Sources */,
				32A0A65D2A42090D00E97042 /* DeveloperResourcesView.swift in Sources */,
				32303CBE2A306A1E0032BB50 /* ChallengeRequirement.swift in Sources */,
				32303CE02A30DD670032BB50 /* CafeProductView.swift in Sources */,
				32A0A6592A42084900E97042 /* ResourcesView.swift in Sources */,
				327418912A80DFDC009721B9 /* VoiceOverView.swift in Sources */,
				32C1C93B2A2B8E8C00C1854F /* ContentView.swift in Sources */,
				3240D8552A80E7CF00D48F42 /* VoiceOverChallengeControls.swift in Sources */,
				3275DF582A42BEFF00C361B1 /* MenuButtons.swift in Sources */,
				3291441F2A36265800F5263D /* ChallengePlayingView.swift in Sources */,
				3258655F2A42AAEA00630D7E /* XCChallengePreview.swift in Sources */,
				32194FC42A827B1D00D993B6 /* Hint.swift in Sources */,
				32194FC52A827B1D00D993B6 /* ChallengeComponent.swift in Sources */,
				32303CDA2A30B9C60032BB50 /* ZoomState.swift in Sources */,
				3275DF5A2A42BF9C00C361B1 /* MenuDismissButton.swift in Sources */,
				327883AD2A6A6333005765E9 /* ChallengeHomeButton.swift in Sources */,
				32B014C22A8110B6006DB73A /* AnimatedImagesChallengeView.swift in Sources */,
				32303CCA2A30A7C80032BB50 /* ZoomableScrollView.swift in Sources */,
				329C259D2A82850600D4ECC5 /* IncreaseContrastChallengeView.swift in Sources */,
				32194FBC2A827B1D00D993B6 /* ReferenceResource.swift in Sources */,
				3258655A2A42A6AB00630D7E /* ResourceView.swift in Sources */,
				328DF9A42A811E3600FFC128 /* AnimatedImagesChallengeSample4.swift in Sources */,
				321F5DF22A80EE59006B2416 /* VoiceOverChallengeStepper.swift in Sources */,
				329144232A364A9400F5263D /* ArcText.swift in Sources */,
				32194FBF2A827B1D00D993B6 /* Conclusion.swift in Sources */,
				328DF9A72A811E3600FFC128 /* AnimatedImagesChallengeSample6.swift in Sources */,
				32C1C9392A2B8E8C00C1854F /* ExploreAbilityReleaseApp.swift in Sources */,
				325865542A42A4E600630D7E /* DeveloperResourceView.swift in Sources */,
			);
			runOnlyForDeploymentPostprocessing = 0;
		};
/* End PBXSourcesBuildPhase section */

/* Begin PBXTargetDependency section */
		3251DF292A6A4F560017334A /* PBXTargetDependency */ = {
			isa = PBXTargetDependency;
			target = 32C1C9342A2B8E8C00C1854F /* ExploreAbilityRelease */;
			targetProxy = 3251DF282A6A4F560017334A /* PBXContainerItemProxy */;
		};
/* End PBXTargetDependency section */

/* Begin XCBuildConfiguration section */
		3251DF262A6A4F1E0017334A /* Debug */ = {
			isa = XCBuildConfiguration;
			buildSettings = {
				ASSETCATALOG_COMPILER_GENERATE_SWIFT_ASSET_SYMBOL_EXTENSIONS = YES;
				CODE_SIGN_STYLE = Automatic;
				CURRENT_PROJECT_VERSION = 1;
				DEVELOPMENT_TEAM = 9W63WN9LG4;
				ENABLE_USER_SCRIPT_SANDBOXING = YES;
				GCC_C_LANGUAGE_STANDARD = gnu17;
				GENERATE_INFOPLIST_FILE = YES;
				IPHONEOS_DEPLOYMENT_TARGET = 16;
				LOCALIZATION_PREFERS_STRING_CATALOGS = YES;
				MACOSX_DEPLOYMENT_TARGET = 14.0;
				MARKETING_VERSION = 1.0;
				PRODUCT_BUNDLE_IDENTIFIER = app.jiachen.ExploreAbilityUITests;
				PRODUCT_NAME = "$(TARGET_NAME)";
				SDKROOT = macosx;
				SUPPORTED_PLATFORMS = "iphoneos iphonesimulator";
				SUPPORTS_MACCATALYST = NO;
				SUPPORTS_MAC_DESIGNED_FOR_IPHONE_IPAD = NO;
				SUPPORTS_XR_DESIGNED_FOR_IPHONE_IPAD = NO;
				SWIFT_ACTIVE_COMPILATION_CONDITIONS = "DEBUG $(inherited)";
				SWIFT_EMIT_LOC_STRINGS = NO;
				SWIFT_VERSION = 5.0;
				TARGETED_DEVICE_FAMILY = 1;
				TEST_TARGET_NAME = ExploreAbilityRelease;
			};
			name = Debug;
		};
		3251DF272A6A4F1E0017334A /* Release */ = {
			isa = XCBuildConfiguration;
			buildSettings = {
				ASSETCATALOG_COMPILER_GENERATE_SWIFT_ASSET_SYMBOL_EXTENSIONS = YES;
				CODE_SIGN_STYLE = Automatic;
				CURRENT_PROJECT_VERSION = 1;
				DEVELOPMENT_TEAM = 9W63WN9LG4;
				ENABLE_USER_SCRIPT_SANDBOXING = YES;
				GCC_C_LANGUAGE_STANDARD = gnu17;
				GENERATE_INFOPLIST_FILE = YES;
				IPHONEOS_DEPLOYMENT_TARGET = 16;
				LOCALIZATION_PREFERS_STRING_CATALOGS = YES;
				MACOSX_DEPLOYMENT_TARGET = 14.0;
				MARKETING_VERSION = 1.0;
				PRODUCT_BUNDLE_IDENTIFIER = app.jiachen.ExploreAbilityUITests;
				PRODUCT_NAME = "$(TARGET_NAME)";
				SDKROOT = macosx;
				SUPPORTED_PLATFORMS = "iphoneos iphonesimulator";
				SUPPORTS_MACCATALYST = NO;
				SUPPORTS_MAC_DESIGNED_FOR_IPHONE_IPAD = NO;
				SUPPORTS_XR_DESIGNED_FOR_IPHONE_IPAD = NO;
				SWIFT_EMIT_LOC_STRINGS = NO;
				SWIFT_VERSION = 5.0;
				TARGETED_DEVICE_FAMILY = 1;
				TEST_TARGET_NAME = ExploreAbilityRelease;
			};
			name = Release;
		};
		32C1C9412A2B8E8D00C1854F /* Debug */ = {
			isa = XCBuildConfiguration;
			buildSettings = {
				ALWAYS_SEARCH_USER_PATHS = NO;
				CLANG_ANALYZER_NONNULL = YES;
				CLANG_ANALYZER_NUMBER_OBJECT_CONVERSION = YES_AGGRESSIVE;
				CLANG_CXX_LANGUAGE_STANDARD = "gnu++20";
				CLANG_ENABLE_MODULES = YES;
				CLANG_ENABLE_OBJC_ARC = YES;
				CLANG_ENABLE_OBJC_WEAK = YES;
				CLANG_WARN_BLOCK_CAPTURE_AUTORELEASING = YES;
				CLANG_WARN_BOOL_CONVERSION = YES;
				CLANG_WARN_COMMA = YES;
				CLANG_WARN_CONSTANT_CONVERSION = YES;
				CLANG_WARN_DEPRECATED_OBJC_IMPLEMENTATIONS = YES;
				CLANG_WARN_DIRECT_OBJC_ISA_USAGE = YES_ERROR;
				CLANG_WARN_DOCUMENTATION_COMMENTS = YES;
				CLANG_WARN_EMPTY_BODY = YES;
				CLANG_WARN_ENUM_CONVERSION = YES;
				CLANG_WARN_INFINITE_RECURSION = YES;
				CLANG_WARN_INT_CONVERSION = YES;
				CLANG_WARN_NON_LITERAL_NULL_CONVERSION = YES;
				CLANG_WARN_OBJC_IMPLICIT_RETAIN_SELF = YES;
				CLANG_WARN_OBJC_LITERAL_CONVERSION = YES;
				CLANG_WARN_OBJC_ROOT_CLASS = YES_ERROR;
				CLANG_WARN_QUOTED_INCLUDE_IN_FRAMEWORK_HEADER = YES;
				CLANG_WARN_RANGE_LOOP_ANALYSIS = YES;
				CLANG_WARN_STRICT_PROTOTYPES = YES;
				CLANG_WARN_SUSPICIOUS_MOVE = YES;
				CLANG_WARN_UNGUARDED_AVAILABILITY = YES_AGGRESSIVE;
				CLANG_WARN_UNREACHABLE_CODE = YES;
				CLANG_WARN__DUPLICATE_METHOD_MATCH = YES;
				COPY_PHASE_STRIP = NO;
				DEBUG_INFORMATION_FORMAT = dwarf;
				ENABLE_STRICT_OBJC_MSGSEND = YES;
				ENABLE_TESTABILITY = YES;
				GCC_C_LANGUAGE_STANDARD = gnu11;
				GCC_DYNAMIC_NO_PIC = NO;
				GCC_NO_COMMON_BLOCKS = YES;
				GCC_OPTIMIZATION_LEVEL = 0;
				GCC_PREPROCESSOR_DEFINITIONS = (
					"DEBUG=1",
					"$(inherited)",
				);
				GCC_WARN_64_TO_32_BIT_CONVERSION = YES;
				GCC_WARN_ABOUT_RETURN_TYPE = YES_ERROR;
				GCC_WARN_UNDECLARED_SELECTOR = YES;
				GCC_WARN_UNINITIALIZED_AUTOS = YES_AGGRESSIVE;
				GCC_WARN_UNUSED_FUNCTION = YES;
				GCC_WARN_UNUSED_VARIABLE = YES;
				IPHONEOS_DEPLOYMENT_TARGET = 16.4;
				MTL_ENABLE_DEBUG_INFO = INCLUDE_SOURCE;
				MTL_FAST_MATH = YES;
				ONLY_ACTIVE_ARCH = YES;
				SDKROOT = iphoneos;
				SWIFT_ACTIVE_COMPILATION_CONDITIONS = DEBUG;
				SWIFT_OPTIMIZATION_LEVEL = "-Onone";
			};
			name = Debug;
		};
		32C1C9422A2B8E8D00C1854F /* Release */ = {
			isa = XCBuildConfiguration;
			buildSettings = {
				ALWAYS_SEARCH_USER_PATHS = NO;
				CLANG_ANALYZER_NONNULL = YES;
				CLANG_ANALYZER_NUMBER_OBJECT_CONVERSION = YES_AGGRESSIVE;
				CLANG_CXX_LANGUAGE_STANDARD = "gnu++20";
				CLANG_ENABLE_MODULES = YES;
				CLANG_ENABLE_OBJC_ARC = YES;
				CLANG_ENABLE_OBJC_WEAK = YES;
				CLANG_WARN_BLOCK_CAPTURE_AUTORELEASING = YES;
				CLANG_WARN_BOOL_CONVERSION = YES;
				CLANG_WARN_COMMA = YES;
				CLANG_WARN_CONSTANT_CONVERSION = YES;
				CLANG_WARN_DEPRECATED_OBJC_IMPLEMENTATIONS = YES;
				CLANG_WARN_DIRECT_OBJC_ISA_USAGE = YES_ERROR;
				CLANG_WARN_DOCUMENTATION_COMMENTS = YES;
				CLANG_WARN_EMPTY_BODY = YES;
				CLANG_WARN_ENUM_CONVERSION = YES;
				CLANG_WARN_INFINITE_RECURSION = YES;
				CLANG_WARN_INT_CONVERSION = YES;
				CLANG_WARN_NON_LITERAL_NULL_CONVERSION = YES;
				CLANG_WARN_OBJC_IMPLICIT_RETAIN_SELF = YES;
				CLANG_WARN_OBJC_LITERAL_CONVERSION = YES;
				CLANG_WARN_OBJC_ROOT_CLASS = YES_ERROR;
				CLANG_WARN_QUOTED_INCLUDE_IN_FRAMEWORK_HEADER = YES;
				CLANG_WARN_RANGE_LOOP_ANALYSIS = YES;
				CLANG_WARN_STRICT_PROTOTYPES = YES;
				CLANG_WARN_SUSPICIOUS_MOVE = YES;
				CLANG_WARN_UNGUARDED_AVAILABILITY = YES_AGGRESSIVE;
				CLANG_WARN_UNREACHABLE_CODE = YES;
				CLANG_WARN__DUPLICATE_METHOD_MATCH = YES;
				COPY_PHASE_STRIP = NO;
				DEBUG_INFORMATION_FORMAT = "dwarf-with-dsym";
				ENABLE_NS_ASSERTIONS = NO;
				ENABLE_STRICT_OBJC_MSGSEND = YES;
				GCC_C_LANGUAGE_STANDARD = gnu11;
				GCC_NO_COMMON_BLOCKS = YES;
				GCC_WARN_64_TO_32_BIT_CONVERSION = YES;
				GCC_WARN_ABOUT_RETURN_TYPE = YES_ERROR;
				GCC_WARN_UNDECLARED_SELECTOR = YES;
				GCC_WARN_UNINITIALIZED_AUTOS = YES_AGGRESSIVE;
				GCC_WARN_UNUSED_FUNCTION = YES;
				GCC_WARN_UNUSED_VARIABLE = YES;
				IPHONEOS_DEPLOYMENT_TARGET = 16.4;
				MTL_ENABLE_DEBUG_INFO = NO;
				MTL_FAST_MATH = YES;
				SDKROOT = iphoneos;
				SWIFT_COMPILATION_MODE = wholemodule;
				SWIFT_OPTIMIZATION_LEVEL = "-O";
				VALIDATE_PRODUCT = YES;
			};
			name = Release;
		};
		32C1C9442A2B8E8D00C1854F /* Debug */ = {
			isa = XCBuildConfiguration;
			buildSettings = {
				ASSETCATALOG_COMPILER_APPICON_NAME = AppIcon;
				ASSETCATALOG_COMPILER_GLOBAL_ACCENT_COLOR_NAME = AccentColor;
				CODE_SIGN_IDENTITY = "Apple Development";
				CODE_SIGN_STYLE = Automatic;
				CURRENT_PROJECT_VERSION = 1;
				DEVELOPMENT_ASSET_PATHS = "\"ExploreAbilityRelease/Preview Content\"";
				DEVELOPMENT_TEAM = 9W63WN9LG4;
				ENABLE_PREVIEWS = YES;
				GENERATE_INFOPLIST_FILE = YES;
				INFOPLIST_KEY_UIApplicationSceneManifest_Generation = YES;
				INFOPLIST_KEY_UIApplicationSupportsIndirectInputEvents = YES;
				INFOPLIST_KEY_UILaunchScreen_Generation = YES;
				INFOPLIST_KEY_UISupportedInterfaceOrientations_iPad = "UIInterfaceOrientationPortrait UIInterfaceOrientationPortraitUpsideDown UIInterfaceOrientationLandscapeLeft UIInterfaceOrientationLandscapeRight";
				INFOPLIST_KEY_UISupportedInterfaceOrientations_iPhone = "UIInterfaceOrientationPortrait UIInterfaceOrientationLandscapeLeft UIInterfaceOrientationLandscapeRight";
				IPHONEOS_DEPLOYMENT_TARGET = 16.2;
				LD_RUNPATH_SEARCH_PATHS = (
					"$(inherited)",
					"@executable_path/Frameworks",
				);
				MARKETING_VERSION = 1.0;
				PRODUCT_BUNDLE_IDENTIFIER = app.jiachen.ExploreAbilityRelease;
				PRODUCT_NAME = "$(TARGET_NAME)";
				PROVISIONING_PROFILE_SPECIFIER = "";
				SWIFT_EMIT_LOC_STRINGS = YES;
				SWIFT_VERSION = 5.0;
				TARGETED_DEVICE_FAMILY = "1,2";
			};
			name = Debug;
		};
		32C1C9452A2B8E8D00C1854F /* Release */ = {
			isa = XCBuildConfiguration;
			buildSettings = {
				ASSETCATALOG_COMPILER_APPICON_NAME = AppIcon;
				ASSETCATALOG_COMPILER_GLOBAL_ACCENT_COLOR_NAME = AccentColor;
				CODE_SIGN_IDENTITY = "Apple Development";
				CODE_SIGN_STYLE = Automatic;
				CURRENT_PROJECT_VERSION = 1;
				DEVELOPMENT_ASSET_PATHS = "\"ExploreAbilityRelease/Preview Content\"";
				DEVELOPMENT_TEAM = 9W63WN9LG4;
				ENABLE_PREVIEWS = YES;
				GENERATE_INFOPLIST_FILE = YES;
				INFOPLIST_KEY_UIApplicationSceneManifest_Generation = YES;
				INFOPLIST_KEY_UIApplicationSupportsIndirectInputEvents = YES;
				INFOPLIST_KEY_UILaunchScreen_Generation = YES;
				INFOPLIST_KEY_UISupportedInterfaceOrientations_iPad = "UIInterfaceOrientationPortrait UIInterfaceOrientationPortraitUpsideDown UIInterfaceOrientationLandscapeLeft UIInterfaceOrientationLandscapeRight";
				INFOPLIST_KEY_UISupportedInterfaceOrientations_iPhone = "UIInterfaceOrientationPortrait UIInterfaceOrientationLandscapeLeft UIInterfaceOrientationLandscapeRight";
				IPHONEOS_DEPLOYMENT_TARGET = 16.2;
				LD_RUNPATH_SEARCH_PATHS = (
					"$(inherited)",
					"@executable_path/Frameworks",
				);
				MARKETING_VERSION = 1.0;
				PRODUCT_BUNDLE_IDENTIFIER = app.jiachen.ExploreAbilityRelease;
				PRODUCT_NAME = "$(TARGET_NAME)";
				PROVISIONING_PROFILE_SPECIFIER = "";
				SWIFT_EMIT_LOC_STRINGS = YES;
				SWIFT_VERSION = 5.0;
				TARGETED_DEVICE_FAMILY = "1,2";
			};
			name = Release;
		};
/* End XCBuildConfiguration section */

/* Begin XCConfigurationList section */
		3251DF252A6A4F1E0017334A /* Build configuration list for PBXNativeTarget "ExploreAbilityUITests" */ = {
			isa = XCConfigurationList;
			buildConfigurations = (
				3251DF262A6A4F1E0017334A /* Debug */,
				3251DF272A6A4F1E0017334A /* Release */,
			);
			defaultConfigurationIsVisible = 0;
			defaultConfigurationName = Release;
		};
		32C1C9302A2B8E8C00C1854F /* Build configuration list for PBXProject "ExploreAbilityRelease" */ = {
			isa = XCConfigurationList;
			buildConfigurations = (
				32C1C9412A2B8E8D00C1854F /* Debug */,
				32C1C9422A2B8E8D00C1854F /* Release */,
			);
			defaultConfigurationIsVisible = 0;
			defaultConfigurationName = Release;
		};
		32C1C9432A2B8E8D00C1854F /* Build configuration list for PBXNativeTarget "ExploreAbilityRelease" */ = {
			isa = XCConfigurationList;
			buildConfigurations = (
				32C1C9442A2B8E8D00C1854F /* Debug */,
				32C1C9452A2B8E8D00C1854F /* Release */,
			);
			defaultConfigurationIsVisible = 0;
			defaultConfigurationName = Release;
		};
/* End XCConfigurationList section */

/* Begin XCRemoteSwiftPackageReference section */
		327883B72A6A7C4A005765E9 /* XCRemoteSwiftPackageReference "buzz" */ = {
			isa = XCRemoteSwiftPackageReference;
			repositoryURL = "https://github.com/jiachenyee/buzz.git";
			requirement = {
				kind = upToNextMajorVersion;
				minimumVersion = 1.0.0;
			};
		};
		3291441B2A36032F00F5263D /* XCRemoteSwiftPackageReference "UtilMacros" */ = {
			isa = XCRemoteSwiftPackageReference;
			repositoryURL = "https://github.com/jiachenyee/UtilMacros";
			requirement = {
				branch = main;
				kind = branch;
			};
		};
/* End XCRemoteSwiftPackageReference section */

/* Begin XCSwiftPackageProductDependency section */
		327883B82A6A7C4A005765E9 /* Buzz */ = {
			isa = XCSwiftPackageProductDependency;
			package = 327883B72A6A7C4A005765E9 /* XCRemoteSwiftPackageReference "buzz" */;
			productName = Buzz;
		};
		3291441C2A36032F00F5263D /* UtilMacros */ = {
			isa = XCSwiftPackageProductDependency;
			package = 3291441B2A36032F00F5263D /* XCRemoteSwiftPackageReference "UtilMacros" */;
			productName = UtilMacros;
		};
/* End XCSwiftPackageProductDependency section */
	};
	rootObject = 32C1C92D2A2B8E8C00C1854F /* Project object */;
}
